// !$*UTF8*$!
{
	archiveVersion = 1;
	classes = {
	};
	objectVersion = 56;
	objects = {

/* Begin PBXBuildFile section */
		D17807602B6AB0FA003B84F7 /* AppDelegate.swift in Sources */ = {isa = PBXBuildFile; fileRef = D178075F2B6AB0FA003B84F7 /* AppDelegate.swift */; };
		D17807622B6AB0FA003B84F7 /* SceneDelegate.swift in Sources */ = {isa = PBXBuildFile; fileRef = D17807612B6AB0FA003B84F7 /* SceneDelegate.swift */; };
		D17807692B6AB0FB003B84F7 /* Assets.xcassets in Resources */ = {isa = PBXBuildFile; fileRef = D17807682B6AB0FB003B84F7 /* Assets.xcassets */; };
		D178076C2B6AB0FB003B84F7 /* LaunchScreen.storyboard in Resources */ = {isa = PBXBuildFile; fileRef = D178076A2B6AB0FB003B84F7 /* LaunchScreen.storyboard */; };
		D17807772B6AB0FB003B84F7 /* ChoiceOfTwoTests.swift in Sources */ = {isa = PBXBuildFile; fileRef = D17807762B6AB0FB003B84F7 /* ChoiceOfTwoTests.swift */; };
		D17807812B6AB0FB003B84F7 /* ChoiceOfTwoUITests.swift in Sources */ = {isa = PBXBuildFile; fileRef = D17807802B6AB0FB003B84F7 /* ChoiceOfTwoUITests.swift */; };
		D17807832B6AB0FB003B84F7 /* ChoiceOfTwoUITestsLaunchTests.swift in Sources */ = {isa = PBXBuildFile; fileRef = D17807822B6AB0FB003B84F7 /* ChoiceOfTwoUITestsLaunchTests.swift */; };
		D1A7415E2B6C179D005B81BC /* ApiClient.swift in Sources */ = {isa = PBXBuildFile; fileRef = D1A7415D2B6C179D005B81BC /* ApiClient.swift */; };
		D1D753912B7265EF00ADF274 /* LoginController.swift in Sources */ = {isa = PBXBuildFile; fileRef = D1D753902B7265EF00ADF274 /* LoginController.swift */; };
		D1D753952B72677C00ADF274 /* CustomTextField.swift in Sources */ = {isa = PBXBuildFile; fileRef = D1D753942B72677C00ADF274 /* CustomTextField.swift */; };
		D1D753972B726A6900ADF274 /* EntryController.swift in Sources */ = {isa = PBXBuildFile; fileRef = D1D753962B726A6900ADF274 /* EntryController.swift */; };
		D1D753992B726AE200ADF274 /* CustomButton.swift in Sources */ = {isa = PBXBuildFile; fileRef = D1D753982B726AE200ADF274 /* CustomButton.swift */; };
		D1D7539B2B726F5F00ADF274 /* AppCoordinator.swift in Sources */ = {isa = PBXBuildFile; fileRef = D1D7539A2B726F5F00ADF274 /* AppCoordinator.swift */; };
		D1D7539E2B727B4100ADF274 /* CoordinatorProtocol.swift in Sources */ = {isa = PBXBuildFile; fileRef = D1D7539D2B727B4100ADF274 /* CoordinatorProtocol.swift */; };
		D1D753A02B72856800ADF274 /* EntryViewModel.swift in Sources */ = {isa = PBXBuildFile; fileRef = D1D7539F2B72856800ADF274 /* EntryViewModel.swift */; };
		D1D753AF2B728CCD00ADF274 /* Font+Extension.swift in Sources */ = {isa = PBXBuildFile; fileRef = D1D753AE2B728CCD00ADF274 /* Font+Extension.swift */; };
		D1D753B72B72924E00ADF274 /* Nunito-Light.ttf in Resources */ = {isa = PBXBuildFile; fileRef = D1D753B02B72924E00ADF274 /* Nunito-Light.ttf */; };
		D1D753B82B72924E00ADF274 /* Nunito-Regular.ttf in Resources */ = {isa = PBXBuildFile; fileRef = D1D753B12B72924E00ADF274 /* Nunito-Regular.ttf */; };
		D1D753B92B72924E00ADF274 /* Nunito-ExtraLight.ttf in Resources */ = {isa = PBXBuildFile; fileRef = D1D753B22B72924E00ADF274 /* Nunito-ExtraLight.ttf */; };
		D1D753BA2B72924E00ADF274 /* Nunito-SemiBold.ttf in Resources */ = {isa = PBXBuildFile; fileRef = D1D753B32B72924E00ADF274 /* Nunito-SemiBold.ttf */; };
		D1D753BB2B72924E00ADF274 /* Nunito-ExtraBold.ttf in Resources */ = {isa = PBXBuildFile; fileRef = D1D753B42B72924E00ADF274 /* Nunito-ExtraBold.ttf */; };
		D1D753BC2B72924E00ADF274 /* Nunito-Medium.ttf in Resources */ = {isa = PBXBuildFile; fileRef = D1D753B52B72924E00ADF274 /* Nunito-Medium.ttf */; };
		D1D753BD2B72924E00ADF274 /* Nunito-Bold.ttf in Resources */ = {isa = PBXBuildFile; fileRef = D1D753B62B72924E00ADF274 /* Nunito-Bold.ttf */; };
/* End PBXBuildFile section */

/* Begin PBXContainerItemProxy section */
		D17807732B6AB0FB003B84F7 /* PBXContainerItemProxy */ = {
			isa = PBXContainerItemProxy;
			containerPortal = D17807542B6AB0FA003B84F7 /* Project object */;
			proxyType = 1;
			remoteGlobalIDString = D178075B2B6AB0FA003B84F7;
			remoteInfo = ChoiceOfTwo;
		};
		D178077D2B6AB0FB003B84F7 /* PBXContainerItemProxy */ = {
			isa = PBXContainerItemProxy;
			containerPortal = D17807542B6AB0FA003B84F7 /* Project object */;
			proxyType = 1;
			remoteGlobalIDString = D178075B2B6AB0FA003B84F7;
			remoteInfo = ChoiceOfTwo;
		};
/* End PBXContainerItemProxy section */

/* Begin PBXFileReference section */
		D178075C2B6AB0FA003B84F7 /* ChoiceOfTwo.app */ = {isa = PBXFileReference; explicitFileType = wrapper.application; includeInIndex = 0; path = ChoiceOfTwo.app; sourceTree = BUILT_PRODUCTS_DIR; };
		D178075F2B6AB0FA003B84F7 /* AppDelegate.swift */ = {isa = PBXFileReference; lastKnownFileType = sourcecode.swift; path = AppDelegate.swift; sourceTree = "<group>"; };
		D17807612B6AB0FA003B84F7 /* SceneDelegate.swift */ = {isa = PBXFileReference; lastKnownFileType = sourcecode.swift; path = SceneDelegate.swift; sourceTree = "<group>"; };
		D17807682B6AB0FB003B84F7 /* Assets.xcassets */ = {isa = PBXFileReference; lastKnownFileType = folder.assetcatalog; path = Assets.xcassets; sourceTree = "<group>"; };
		D178076B2B6AB0FB003B84F7 /* Base */ = {isa = PBXFileReference; lastKnownFileType = file.storyboard; name = Base; path = Base.lproj/LaunchScreen.storyboard; sourceTree = "<group>"; };
		D178076D2B6AB0FB003B84F7 /* Info.plist */ = {isa = PBXFileReference; lastKnownFileType = text.plist.xml; path = Info.plist; sourceTree = "<group>"; };
		D17807722B6AB0FB003B84F7 /* ChoiceOfTwoTests.xctest */ = {isa = PBXFileReference; explicitFileType = wrapper.cfbundle; includeInIndex = 0; path = ChoiceOfTwoTests.xctest; sourceTree = BUILT_PRODUCTS_DIR; };
		D17807762B6AB0FB003B84F7 /* ChoiceOfTwoTests.swift */ = {isa = PBXFileReference; lastKnownFileType = sourcecode.swift; path = ChoiceOfTwoTests.swift; sourceTree = "<group>"; };
		D178077C2B6AB0FB003B84F7 /* ChoiceOfTwoUITests.xctest */ = {isa = PBXFileReference; explicitFileType = wrapper.cfbundle; includeInIndex = 0; path = ChoiceOfTwoUITests.xctest; sourceTree = BUILT_PRODUCTS_DIR; };
		D17807802B6AB0FB003B84F7 /* ChoiceOfTwoUITests.swift */ = {isa = PBXFileReference; lastKnownFileType = sourcecode.swift; path = ChoiceOfTwoUITests.swift; sourceTree = "<group>"; };
		D17807822B6AB0FB003B84F7 /* ChoiceOfTwoUITestsLaunchTests.swift */ = {isa = PBXFileReference; lastKnownFileType = sourcecode.swift; path = ChoiceOfTwoUITestsLaunchTests.swift; sourceTree = "<group>"; };
		D1A7415D2B6C179D005B81BC /* ApiClient.swift */ = {isa = PBXFileReference; lastKnownFileType = sourcecode.swift; path = ApiClient.swift; sourceTree = "<group>"; };
		D1D753902B7265EF00ADF274 /* LoginController.swift */ = {isa = PBXFileReference; lastKnownFileType = sourcecode.swift; path = LoginController.swift; sourceTree = "<group>"; };
		D1D753942B72677C00ADF274 /* CustomTextField.swift */ = {isa = PBXFileReference; lastKnownFileType = sourcecode.swift; path = CustomTextField.swift; sourceTree = "<group>"; };
		D1D753962B726A6900ADF274 /* EntryController.swift */ = {isa = PBXFileReference; lastKnownFileType = sourcecode.swift; path = EntryController.swift; sourceTree = "<group>"; };
		D1D753982B726AE200ADF274 /* CustomButton.swift */ = {isa = PBXFileReference; lastKnownFileType = sourcecode.swift; path = CustomButton.swift; sourceTree = "<group>"; };
		D1D7539A2B726F5F00ADF274 /* AppCoordinator.swift */ = {isa = PBXFileReference; lastKnownFileType = sourcecode.swift; path = AppCoordinator.swift; sourceTree = "<group>"; };
		D1D7539D2B727B4100ADF274 /* CoordinatorProtocol.swift */ = {isa = PBXFileReference; lastKnownFileType = sourcecode.swift; path = CoordinatorProtocol.swift; sourceTree = "<group>"; };
		D1D7539F2B72856800ADF274 /* EntryViewModel.swift */ = {isa = PBXFileReference; lastKnownFileType = sourcecode.swift; path = EntryViewModel.swift; sourceTree = "<group>"; };
		D1D753AE2B728CCD00ADF274 /* Font+Extension.swift */ = {isa = PBXFileReference; lastKnownFileType = sourcecode.swift; path = "Font+Extension.swift"; sourceTree = "<group>"; };
		D1D753B02B72924E00ADF274 /* Nunito-Light.ttf */ = {isa = PBXFileReference; lastKnownFileType = file; path = "Nunito-Light.ttf"; sourceTree = "<group>"; };
		D1D753B12B72924E00ADF274 /* Nunito-Regular.ttf */ = {isa = PBXFileReference; lastKnownFileType = file; path = "Nunito-Regular.ttf"; sourceTree = "<group>"; };
		D1D753B22B72924E00ADF274 /* Nunito-ExtraLight.ttf */ = {isa = PBXFileReference; lastKnownFileType = file; path = "Nunito-ExtraLight.ttf"; sourceTree = "<group>"; };
		D1D753B32B72924E00ADF274 /* Nunito-SemiBold.ttf */ = {isa = PBXFileReference; lastKnownFileType = file; path = "Nunito-SemiBold.ttf"; sourceTree = "<group>"; };
		D1D753B42B72924E00ADF274 /* Nunito-ExtraBold.ttf */ = {isa = PBXFileReference; lastKnownFileType = file; path = "Nunito-ExtraBold.ttf"; sourceTree = "<group>"; };
		D1D753B52B72924E00ADF274 /* Nunito-Medium.ttf */ = {isa = PBXFileReference; lastKnownFileType = file; path = "Nunito-Medium.ttf"; sourceTree = "<group>"; };
		D1D753B62B72924E00ADF274 /* Nunito-Bold.ttf */ = {isa = PBXFileReference; lastKnownFileType = file; path = "Nunito-Bold.ttf"; sourceTree = "<group>"; };
/* End PBXFileReference section */

/* Begin PBXFrameworksBuildPhase section */
		D17807592B6AB0FA003B84F7 /* Frameworks */ = {
			isa = PBXFrameworksBuildPhase;
			buildActionMask = 2147483647;
			files = (
			);
			runOnlyForDeploymentPostprocessing = 0;
		};
		D178076F2B6AB0FB003B84F7 /* Frameworks */ = {
			isa = PBXFrameworksBuildPhase;
			buildActionMask = 2147483647;
			files = (
			);
			runOnlyForDeploymentPostprocessing = 0;
		};
		D17807792B6AB0FB003B84F7 /* Frameworks */ = {
			isa = PBXFrameworksBuildPhase;
			buildActionMask = 2147483647;
			files = (
			);
			runOnlyForDeploymentPostprocessing = 0;
		};
/* End PBXFrameworksBuildPhase section */

/* Begin PBXGroup section */
		D17807532B6AB0FA003B84F7 = {
			isa = PBXGroup;
			children = (
				D178075E2B6AB0FA003B84F7 /* ChoiceOfTwo */,
				D17807752B6AB0FB003B84F7 /* ChoiceOfTwoTests */,
				D178077F2B6AB0FB003B84F7 /* ChoiceOfTwoUITests */,
				D178075D2B6AB0FA003B84F7 /* Products */,
			);
			sourceTree = "<group>";
		};
		D178075D2B6AB0FA003B84F7 /* Products */ = {
			isa = PBXGroup;
			children = (
				D178075C2B6AB0FA003B84F7 /* ChoiceOfTwo.app */,
				D17807722B6AB0FB003B84F7 /* ChoiceOfTwoTests.xctest */,
				D178077C2B6AB0FB003B84F7 /* ChoiceOfTwoUITests.xctest */,
			);
			name = Products;
			sourceTree = "<group>";
		};
		D178075E2B6AB0FA003B84F7 /* ChoiceOfTwo */ = {
			isa = PBXGroup;
			children = (
				D1D753A12B728A9E00ADF274 /* Fonts */,
				D1D7539C2B727B2A00ADF274 /* CoordinatorProtocol */,
				D1D7538F2B72650600ADF274 /* Coordinator */,
				D17807922B6AB12C003B84F7 /* Views */,
				D17807912B6AB126003B84F7 /* Model */,
				D1D7538E2B7264C400ADF274 /* ViewModel */,
				D1A7415C2B6C1788005B81BC /* Network */,
				D17807902B6AB11F003B84F7 /* Controllers */,
				D178078F2B6AB10B003B84F7 /* Supporting */,
				D178076D2B6AB0FB003B84F7 /* Info.plist */,
			);
			path = ChoiceOfTwo;
			sourceTree = "<group>";
		};
		D17807752B6AB0FB003B84F7 /* ChoiceOfTwoTests */ = {
			isa = PBXGroup;
			children = (
				D17807762B6AB0FB003B84F7 /* ChoiceOfTwoTests.swift */,
			);
			path = ChoiceOfTwoTests;
			sourceTree = "<group>";
		};
		D178077F2B6AB0FB003B84F7 /* ChoiceOfTwoUITests */ = {
			isa = PBXGroup;
			children = (
				D17807802B6AB0FB003B84F7 /* ChoiceOfTwoUITests.swift */,
				D17807822B6AB0FB003B84F7 /* ChoiceOfTwoUITestsLaunchTests.swift */,
			);
			path = ChoiceOfTwoUITests;
			sourceTree = "<group>";
		};
		D178078F2B6AB10B003B84F7 /* Supporting */ = {
			isa = PBXGroup;
			children = (
				D178075F2B6AB0FA003B84F7 /* AppDelegate.swift */,
				D17807612B6AB0FA003B84F7 /* SceneDelegate.swift */,
				D17807682B6AB0FB003B84F7 /* Assets.xcassets */,
				D178076A2B6AB0FB003B84F7 /* LaunchScreen.storyboard */,
			);
			path = Supporting;
			sourceTree = "<group>";
		};
		D17807902B6AB11F003B84F7 /* Controllers */ = {
			isa = PBXGroup;
			children = (
				D1D753902B7265EF00ADF274 /* LoginController.swift */,
				D1D753962B726A6900ADF274 /* EntryController.swift */,
			);
			path = Controllers;
			sourceTree = "<group>";
		};
		D17807912B6AB126003B84F7 /* Model */ = {
			isa = PBXGroup;
			children = (
			);
			path = Model;
			sourceTree = "<group>";
		};
		D17807922B6AB12C003B84F7 /* Views */ = {
			isa = PBXGroup;
			children = (
				D1D753942B72677C00ADF274 /* CustomTextField.swift */,
				D1D753982B726AE200ADF274 /* CustomButton.swift */,
			);
			path = Views;
			sourceTree = "<group>";
		};
		D1A7415C2B6C1788005B81BC /* Network */ = {
			isa = PBXGroup;
			children = (
				D1A7415D2B6C179D005B81BC /* ApiClient.swift */,
			);
			path = Network;
			sourceTree = "<group>";
		};
		D1D7538E2B7264C400ADF274 /* ViewModel */ = {
			isa = PBXGroup;
			children = (
				D1D7539F2B72856800ADF274 /* EntryViewModel.swift */,
			);
			path = ViewModel;
			sourceTree = "<group>";
		};
		D1D7538F2B72650600ADF274 /* Coordinator */ = {
			isa = PBXGroup;
			children = (
				D1D7539A2B726F5F00ADF274 /* AppCoordinator.swift */,
			);
			path = Coordinator;
			sourceTree = "<group>";
		};
		D1D7539C2B727B2A00ADF274 /* CoordinatorProtocol */ = {
			isa = PBXGroup;
			children = (
				D1D7539D2B727B4100ADF274 /* CoordinatorProtocol.swift */,
			);
			path = CoordinatorProtocol;
			sourceTree = "<group>";
		};
		D1D753A12B728A9E00ADF274 /* Fonts */ = {
			isa = PBXGroup;
			children = (
				D1D753B62B72924E00ADF274 /* Nunito-Bold.ttf */,
				D1D753B42B72924E00ADF274 /* Nunito-ExtraBold.ttf */,
				D1D753B22B72924E00ADF274 /* Nunito-ExtraLight.ttf */,
				D1D753B02B72924E00ADF274 /* Nunito-Light.ttf */,
				D1D753B52B72924E00ADF274 /* Nunito-Medium.ttf */,
				D1D753B12B72924E00ADF274 /* Nunito-Regular.ttf */,
				D1D753B32B72924E00ADF274 /* Nunito-SemiBold.ttf */,
				D1D753AE2B728CCD00ADF274 /* Font+Extension.swift */,
			);
			path = Fonts;
			sourceTree = "<group>";
		};
/* End PBXGroup section */

/* Begin PBXNativeTarget section */
		D178075B2B6AB0FA003B84F7 /* ChoiceOfTwo */ = {
			isa = PBXNativeTarget;
			buildConfigurationList = D17807862B6AB0FB003B84F7 /* Build configuration list for PBXNativeTarget "ChoiceOfTwo" */;
			buildPhases = (
				D17807582B6AB0FA003B84F7 /* Sources */,
				D17807592B6AB0FA003B84F7 /* Frameworks */,
				D178075A2B6AB0FA003B84F7 /* Resources */,
			);
			buildRules = (
			);
			dependencies = (
			);
			name = ChoiceOfTwo;
			productName = ChoiceOfTwo;
			productReference = D178075C2B6AB0FA003B84F7 /* ChoiceOfTwo.app */;
			productType = "com.apple.product-type.application";
		};
		D17807712B6AB0FB003B84F7 /* ChoiceOfTwoTests */ = {
			isa = PBXNativeTarget;
			buildConfigurationList = D17807892B6AB0FB003B84F7 /* Build configuration list for PBXNativeTarget "ChoiceOfTwoTests" */;
			buildPhases = (
				D178076E2B6AB0FB003B84F7 /* Sources */,
				D178076F2B6AB0FB003B84F7 /* Frameworks */,
				D17807702B6AB0FB003B84F7 /* Resources */,
			);
			buildRules = (
			);
			dependencies = (
				D17807742B6AB0FB003B84F7 /* PBXTargetDependency */,
			);
			name = ChoiceOfTwoTests;
			productName = ChoiceOfTwoTests;
			productReference = D17807722B6AB0FB003B84F7 /* ChoiceOfTwoTests.xctest */;
			productType = "com.apple.product-type.bundle.unit-test";
		};
		D178077B2B6AB0FB003B84F7 /* ChoiceOfTwoUITests */ = {
			isa = PBXNativeTarget;
			buildConfigurationList = D178078C2B6AB0FB003B84F7 /* Build configuration list for PBXNativeTarget "ChoiceOfTwoUITests" */;
			buildPhases = (
				D17807782B6AB0FB003B84F7 /* Sources */,
				D17807792B6AB0FB003B84F7 /* Frameworks */,
				D178077A2B6AB0FB003B84F7 /* Resources */,
			);
			buildRules = (
			);
			dependencies = (
				D178077E2B6AB0FB003B84F7 /* PBXTargetDependency */,
			);
			name = ChoiceOfTwoUITests;
			productName = ChoiceOfTwoUITests;
			productReference = D178077C2B6AB0FB003B84F7 /* ChoiceOfTwoUITests.xctest */;
			productType = "com.apple.product-type.bundle.ui-testing";
		};
/* End PBXNativeTarget section */

/* Begin PBXProject section */
		D17807542B6AB0FA003B84F7 /* Project object */ = {
			isa = PBXProject;
			attributes = {
				BuildIndependentTargetsInParallel = 1;
				LastSwiftUpdateCheck = 1500;
				LastUpgradeCheck = 1500;
				TargetAttributes = {
					D178075B2B6AB0FA003B84F7 = {
						CreatedOnToolsVersion = 15.0.1;
					};
					D17807712B6AB0FB003B84F7 = {
						CreatedOnToolsVersion = 15.0.1;
						TestTargetID = D178075B2B6AB0FA003B84F7;
					};
					D178077B2B6AB0FB003B84F7 = {
						CreatedOnToolsVersion = 15.0.1;
						TestTargetID = D178075B2B6AB0FA003B84F7;
					};
				};
			};
			buildConfigurationList = D17807572B6AB0FA003B84F7 /* Build configuration list for PBXProject "ChoiceOfTwo" */;
			compatibilityVersion = "Xcode 14.0";
			developmentRegion = en;
			hasScannedForEncodings = 0;
			knownRegions = (
				en,
				Base,
			);
			mainGroup = D17807532B6AB0FA003B84F7;
			productRefGroup = D178075D2B6AB0FA003B84F7 /* Products */;
			projectDirPath = "";
			projectRoot = "";
			targets = (
				D178075B2B6AB0FA003B84F7 /* ChoiceOfTwo */,
				D17807712B6AB0FB003B84F7 /* ChoiceOfTwoTests */,
				D178077B2B6AB0FB003B84F7 /* ChoiceOfTwoUITests */,
			);
		};
/* End PBXProject section */

/* Begin PBXResourcesBuildPhase section */
		D178075A2B6AB0FA003B84F7 /* Resources */ = {
			isa = PBXResourcesBuildPhase;
			buildActionMask = 2147483647;
			files = (
				D1D753BC2B72924E00ADF274 /* Nunito-Medium.ttf in Resources */,
				D1D753BA2B72924E00ADF274 /* Nunito-SemiBold.ttf in Resources */,
				D178076C2B6AB0FB003B84F7 /* LaunchScreen.storyboard in Resources */,
				D17807692B6AB0FB003B84F7 /* Assets.xcassets in Resources */,
				D1D753BD2B72924E00ADF274 /* Nunito-Bold.ttf in Resources */,
				D1D753B82B72924E00ADF274 /* Nunito-Regular.ttf in Resources */,
				D1D753B72B72924E00ADF274 /* Nunito-Light.ttf in Resources */,
				D1D753B92B72924E00ADF274 /* Nunito-ExtraLight.ttf in Resources */,
				D1D753BB2B72924E00ADF274 /* Nunito-ExtraBold.ttf in Resources */,
			);
			runOnlyForDeploymentPostprocessing = 0;
		};
		D17807702B6AB0FB003B84F7 /* Resources */ = {
			isa = PBXResourcesBuildPhase;
			buildActionMask = 2147483647;
			files = (
			);
			runOnlyForDeploymentPostprocessing = 0;
		};
		D178077A2B6AB0FB003B84F7 /* Resources */ = {
			isa = PBXResourcesBuildPhase;
			buildActionMask = 2147483647;
			files = (
			);
			runOnlyForDeploymentPostprocessing = 0;
		};
/* End PBXResourcesBuildPhase section */

/* Begin PBXSourcesBuildPhase section */
		D17807582B6AB0FA003B84F7 /* Sources */ = {
			isa = PBXSourcesBuildPhase;
			buildActionMask = 2147483647;
			files = (
				D17807602B6AB0FA003B84F7 /* AppDelegate.swift in Sources */,
				D1D753AF2B728CCD00ADF274 /* Font+Extension.swift in Sources */,
				D1D7539E2B727B4100ADF274 /* CoordinatorProtocol.swift in Sources */,
				D1D753972B726A6900ADF274 /* EntryController.swift in Sources */,
				D1D753952B72677C00ADF274 /* CustomTextField.swift in Sources */,
				D1D753A02B72856800ADF274 /* EntryViewModel.swift in Sources */,
				D1D753992B726AE200ADF274 /* CustomButton.swift in Sources */,
				D17807622B6AB0FA003B84F7 /* SceneDelegate.swift in Sources */,
				D1D7539B2B726F5F00ADF274 /* AppCoordinator.swift in Sources */,
				D1A7415E2B6C179D005B81BC /* ApiClient.swift in Sources */,
				D1D753912B7265EF00ADF274 /* LoginController.swift in Sources */,
			);
			runOnlyForDeploymentPostprocessing = 0;
		};
		D178076E2B6AB0FB003B84F7 /* Sources */ = {
			isa = PBXSourcesBuildPhase;
			buildActionMask = 2147483647;
			files = (
				D17807772B6AB0FB003B84F7 /* ChoiceOfTwoTests.swift in Sources */,
			);
			runOnlyForDeploymentPostprocessing = 0;
		};
		D17807782B6AB0FB003B84F7 /* Sources */ = {
			isa = PBXSourcesBuildPhase;
			buildActionMask = 2147483647;
			files = (
				D17807812B6AB0FB003B84F7 /* ChoiceOfTwoUITests.swift in Sources */,
				D17807832B6AB0FB003B84F7 /* ChoiceOfTwoUITestsLaunchTests.swift in Sources */,
			);
			runOnlyForDeploymentPostprocessing = 0;
		};
/* End PBXSourcesBuildPhase section */

/* Begin PBXTargetDependency section */
		D17807742B6AB0FB003B84F7 /* PBXTargetDependency */ = {
			isa = PBXTargetDependency;
			target = D178075B2B6AB0FA003B84F7 /* ChoiceOfTwo */;
			targetProxy = D17807732B6AB0FB003B84F7 /* PBXContainerItemProxy */;
		};
		D178077E2B6AB0FB003B84F7 /* PBXTargetDependency */ = {
			isa = PBXTargetDependency;
			target = D178075B2B6AB0FA003B84F7 /* ChoiceOfTwo */;
			targetProxy = D178077D2B6AB0FB003B84F7 /* PBXContainerItemProxy */;
		};
/* End PBXTargetDependency section */

/* Begin PBXVariantGroup section */
		D178076A2B6AB0FB003B84F7 /* LaunchScreen.storyboard */ = {
			isa = PBXVariantGroup;
			children = (
				D178076B2B6AB0FB003B84F7 /* Base */,
			);
			name = LaunchScreen.storyboard;
			sourceTree = "<group>";
		};
/* End PBXVariantGroup section */

/* Begin XCBuildConfiguration section */
		D17807842B6AB0FB003B84F7 /* Debug */ = {
			isa = XCBuildConfiguration;
			buildSettings = {
				ALWAYS_SEARCH_USER_PATHS = NO;
				ASSETCATALOG_COMPILER_GENERATE_SWIFT_ASSET_SYMBOL_EXTENSIONS = YES;
				CLANG_ANALYZER_NONNULL = YES;
				CLANG_ANALYZER_NUMBER_OBJECT_CONVERSION = YES_AGGRESSIVE;
				CLANG_CXX_LANGUAGE_STANDARD = "gnu++20";
				CLANG_ENABLE_MODULES = YES;
				CLANG_ENABLE_OBJC_ARC = YES;
				CLANG_ENABLE_OBJC_WEAK = YES;
				CLANG_WARN_BLOCK_CAPTURE_AUTORELEASING = YES;
				CLANG_WARN_BOOL_CONVERSION = YES;
				CLANG_WARN_COMMA = YES;
				CLANG_WARN_CONSTANT_CONVERSION = YES;
				CLANG_WARN_DEPRECATED_OBJC_IMPLEMENTATIONS = YES;
				CLANG_WARN_DIRECT_OBJC_ISA_USAGE = YES_ERROR;
				CLANG_WARN_DOCUMENTATION_COMMENTS = YES;
				CLANG_WARN_EMPTY_BODY = YES;
				CLANG_WARN_ENUM_CONVERSION = YES;
				CLANG_WARN_INFINITE_RECURSION = YES;
				CLANG_WARN_INT_CONVERSION = YES;
				CLANG_WARN_NON_LITERAL_NULL_CONVERSION = YES;
				CLANG_WARN_OBJC_IMPLICIT_RETAIN_SELF = YES;
				CLANG_WARN_OBJC_LITERAL_CONVERSION = YES;
				CLANG_WARN_OBJC_ROOT_CLASS = YES_ERROR;
				CLANG_WARN_QUOTED_INCLUDE_IN_FRAMEWORK_HEADER = YES;
				CLANG_WARN_RANGE_LOOP_ANALYSIS = YES;
				CLANG_WARN_STRICT_PROTOTYPES = YES;
				CLANG_WARN_SUSPICIOUS_MOVE = YES;
				CLANG_WARN_UNGUARDED_AVAILABILITY = YES_AGGRESSIVE;
				CLANG_WARN_UNREACHABLE_CODE = YES;
				CLANG_WARN__DUPLICATE_METHOD_MATCH = YES;
				COPY_PHASE_STRIP = NO;
				DEBUG_INFORMATION_FORMAT = dwarf;
				ENABLE_STRICT_OBJC_MSGSEND = YES;
				ENABLE_TESTABILITY = YES;
				ENABLE_USER_SCRIPT_SANDBOXING = YES;
				GCC_C_LANGUAGE_STANDARD = gnu17;
				GCC_DYNAMIC_NO_PIC = NO;
				GCC_NO_COMMON_BLOCKS = YES;
				GCC_OPTIMIZATION_LEVEL = 0;
				GCC_PREPROCESSOR_DEFINITIONS = (
					"DEBUG=1",
					"$(inherited)",
				);
				GCC_WARN_64_TO_32_BIT_CONVERSION = YES;
				GCC_WARN_ABOUT_RETURN_TYPE = YES_ERROR;
				GCC_WARN_UNDECLARED_SELECTOR = YES;
				GCC_WARN_UNINITIALIZED_AUTOS = YES_AGGRESSIVE;
				GCC_WARN_UNUSED_FUNCTION = YES;
				GCC_WARN_UNUSED_VARIABLE = YES;
				IPHONEOS_DEPLOYMENT_TARGET = 17.0;
				LOCALIZATION_PREFERS_STRING_CATALOGS = YES;
				MTL_ENABLE_DEBUG_INFO = INCLUDE_SOURCE;
				MTL_FAST_MATH = YES;
				ONLY_ACTIVE_ARCH = YES;
				SDKROOT = iphoneos;
				SWIFT_ACTIVE_COMPILATION_CONDITIONS = "DEBUG $(inherited)";
				SWIFT_OPTIMIZATION_LEVEL = "-Onone";
			};
			name = Debug;
		};
		D17807852B6AB0FB003B84F7 /* Release */ = {
			isa = XCBuildConfiguration;
			buildSettings = {
				ALWAYS_SEARCH_USER_PATHS = NO;
				ASSETCATALOG_COMPILER_GENERATE_SWIFT_ASSET_SYMBOL_EXTENSIONS = YES;
				CLANG_ANALYZER_NONNULL = YES;
				CLANG_ANALYZER_NUMBER_OBJECT_CONVERSION = YES_AGGRESSIVE;
				CLANG_CXX_LANGUAGE_STANDARD = "gnu++20";
				CLANG_ENABLE_MODULES = YES;
				CLANG_ENABLE_OBJC_ARC = YES;
				CLANG_ENABLE_OBJC_WEAK = YES;
				CLANG_WARN_BLOCK_CAPTURE_AUTORELEASING = YES;
				CLANG_WARN_BOOL_CONVERSION = YES;
				CLANG_WARN_COMMA = YES;
				CLANG_WARN_CONSTANT_CONVERSION = YES;
				CLANG_WARN_DEPRECATED_OBJC_IMPLEMENTATIONS = YES;
				CLANG_WARN_DIRECT_OBJC_ISA_USAGE = YES_ERROR;
				CLANG_WARN_DOCUMENTATION_COMMENTS = YES;
				CLANG_WARN_EMPTY_BODY = YES;
				CLANG_WARN_ENUM_CONVERSION = YES;
				CLANG_WARN_INFINITE_RECURSION = YES;
				CLANG_WARN_INT_CONVERSION = YES;
				CLANG_WARN_NON_LITERAL_NULL_CONVERSION = YES;
				CLANG_WARN_OBJC_IMPLICIT_RETAIN_SELF = YES;
				CLANG_WARN_OBJC_LITERAL_CONVERSION = YES;
				CLANG_WARN_OBJC_ROOT_CLASS = YES_ERROR;
				CLANG_WARN_QUOTED_INCLUDE_IN_FRAMEWORK_HEADER = YES;
				CLANG_WARN_RANGE_LOOP_ANALYSIS = YES;
				CLANG_WARN_STRICT_PROTOTYPES = YES;
				CLANG_WARN_SUSPICIOUS_MOVE = YES;
				CLANG_WARN_UNGUARDED_AVAILABILITY = YES_AGGRESSIVE;
				CLANG_WARN_UNREACHABLE_CODE = YES;
				CLANG_WARN__DUPLICATE_METHOD_MATCH = YES;
				COPY_PHASE_STRIP = NO;
				DEBUG_INFORMATION_FORMAT = "dwarf-with-dsym";
				ENABLE_NS_ASSERTIONS = NO;
				ENABLE_STRICT_OBJC_MSGSEND = YES;
				ENABLE_USER_SCRIPT_SANDBOXING = YES;
				GCC_C_LANGUAGE_STANDARD = gnu17;
				GCC_NO_COMMON_BLOCKS = YES;
				GCC_WARN_64_TO_32_BIT_CONVERSION = YES;
				GCC_WARN_ABOUT_RETURN_TYPE = YES_ERROR;
				GCC_WARN_UNDECLARED_SELECTOR = YES;
				GCC_WARN_UNINITIALIZED_AUTOS = YES_AGGRESSIVE;
				GCC_WARN_UNUSED_FUNCTION = YES;
				GCC_WARN_UNUSED_VARIABLE = YES;
				IPHONEOS_DEPLOYMENT_TARGET = 17.0;
				LOCALIZATION_PREFERS_STRING_CATALOGS = YES;
				MTL_ENABLE_DEBUG_INFO = NO;
				MTL_FAST_MATH = YES;
				SDKROOT = iphoneos;
				SWIFT_COMPILATION_MODE = wholemodule;
				VALIDATE_PRODUCT = YES;
			};
			name = Release;
		};
		D17807872B6AB0FB003B84F7 /* Debug */ = {
			isa = XCBuildConfiguration;
			buildSettings = {
				ASSETCATALOG_COMPILER_APPICON_NAME = AppIcon;
				ASSETCATALOG_COMPILER_GLOBAL_ACCENT_COLOR_NAME = AccentColor;
				CODE_SIGN_STYLE = Automatic;
				CURRENT_PROJECT_VERSION = 1;
				DEVELOPMENT_TEAM = JTJACLKKSJ;
				GENERATE_INFOPLIST_FILE = YES;
				INFOPLIST_FILE = ChoiceOfTwo/Info.plist;
				INFOPLIST_KEY_UILaunchStoryboardName = LaunchScreen;
				INFOPLIST_KEY_UISupportedInterfaceOrientations = UIInterfaceOrientationPortrait;
				LD_RUNPATH_SEARCH_PATHS = (
					"$(inherited)",
					"@executable_path/Frameworks",
				);
				MARKETING_VERSION = 1.0;
				PRODUCT_BUNDLE_IDENTIFIER = yaroslavSokolov.ChoiceOfTwo;
				PRODUCT_NAME = "$(TARGET_NAME)";
				SUPPORTED_PLATFORMS = "iphoneos iphonesimulator";
				SUPPORTS_MACCATALYST = NO;
				SUPPORTS_MAC_DESIGNED_FOR_IPHONE_IPAD = NO;
				SWIFT_EMIT_LOC_STRINGS = YES;
				SWIFT_VERSION = 5.0;
				TARGETED_DEVICE_FAMILY = 1;
			};
			name = Debug;
		};
		D17807882B6AB0FB003B84F7 /* Release */ = {
			isa = XCBuildConfiguration;
			buildSettings = {
				ASSETCATALOG_COMPILER_APPICON_NAME = AppIcon;
				ASSETCATALOG_COMPILER_GLOBAL_ACCENT_COLOR_NAME = AccentColor;
				CODE_SIGN_STYLE = Automatic;
				CURRENT_PROJECT_VERSION = 1;
				DEVELOPMENT_TEAM = JTJACLKKSJ;
				GENERATE_INFOPLIST_FILE = YES;
				INFOPLIST_FILE = ChoiceOfTwo/Info.plist;
				INFOPLIST_KEY_UILaunchStoryboardName = LaunchScreen;
				INFOPLIST_KEY_UISupportedInterfaceOrientations = UIInterfaceOrientationPortrait;
				LD_RUNPATH_SEARCH_PATHS = (
					"$(inherited)",
					"@executable_path/Frameworks",
				);
				MARKETING_VERSION = 1.0;
				PRODUCT_BUNDLE_IDENTIFIER = yaroslavSokolov.ChoiceOfTwo;
				PRODUCT_NAME = "$(TARGET_NAME)";
				SUPPORTED_PLATFORMS = "iphoneos iphonesimulator";
				SUPPORTS_MACCATALYST = NO;
				SUPPORTS_MAC_DESIGNED_FOR_IPHONE_IPAD = NO;
				SWIFT_EMIT_LOC_STRINGS = YES;
				SWIFT_VERSION = 5.0;
				TARGETED_DEVICE_FAMILY = 1;
			};
			name = Release;
		};
		D178078A2B6AB0FB003B84F7 /* Debug */ = {
			isa = XCBuildConfiguration;
			buildSettings = {
				ALWAYS_EMBED_SWIFT_STANDARD_LIBRARIES = YES;
				BUNDLE_LOADER = "$(TEST_HOST)";
				CODE_SIGN_STYLE = Automatic;
				CURRENT_PROJECT_VERSION = 1;
				DEVELOPMENT_TEAM = JTJACLKKSJ;
				GENERATE_INFOPLIST_FILE = YES;
				IPHONEOS_DEPLOYMENT_TARGET = 17.0;
				MARKETING_VERSION = 1.0;
				PRODUCT_BUNDLE_IDENTIFIER = yaroslavSokolov.ChoiceOfTwoTests;
				PRODUCT_NAME = "$(TARGET_NAME)";
				SWIFT_EMIT_LOC_STRINGS = NO;
				SWIFT_VERSION = 5.0;
				TARGETED_DEVICE_FAMILY = "1,2";
				TEST_HOST = "$(BUILT_PRODUCTS_DIR)/ChoiceOfTwo.app/$(BUNDLE_EXECUTABLE_FOLDER_PATH)/ChoiceOfTwo";
			};
			name = Debug;
		};
		D178078B2B6AB0FB003B84F7 /* Release */ = {
			isa = XCBuildConfiguration;
			buildSettings = {
				ALWAYS_EMBED_SWIFT_STANDARD_LIBRARIES = YES;
				BUNDLE_LOADER = "$(TEST_HOST)";
				CODE_SIGN_STYLE = Automatic;
				CURRENT_PROJECT_VERSION = 1;
				DEVELOPMENT_TEAM = JTJACLKKSJ;
				GENERATE_INFOPLIST_FILE = YES;
				IPHONEOS_DEPLOYMENT_TARGET = 17.0;
				MARKETING_VERSION = 1.0;
				PRODUCT_BUNDLE_IDENTIFIER = yaroslavSokolov.ChoiceOfTwoTests;
				PRODUCT_NAME = "$(TARGET_NAME)";
				SWIFT_EMIT_LOC_STRINGS = NO;
				SWIFT_VERSION = 5.0;
				TARGETED_DEVICE_FAMILY = "1,2";
				TEST_HOST = "$(BUILT_PRODUCTS_DIR)/ChoiceOfTwo.app/$(BUNDLE_EXECUTABLE_FOLDER_PATH)/ChoiceOfTwo";
			};
			name = Release;
		};
		D178078D2B6AB0FB003B84F7 /* Debug */ = {
			isa = XCBuildConfiguration;
			buildSettings = {
				ALWAYS_EMBED_SWIFT_STANDARD_LIBRARIES = YES;
				CODE_SIGN_STYLE = Automatic;
				CURRENT_PROJECT_VERSION = 1;
				DEVELOPMENT_TEAM = JTJACLKKSJ;
				GENERATE_INFOPLIST_FILE = YES;
				MARKETING_VERSION = 1.0;
				PRODUCT_BUNDLE_IDENTIFIER = yaroslavSokolov.ChoiceOfTwoUITests;
				PRODUCT_NAME = "$(TARGET_NAME)";
				SWIFT_EMIT_LOC_STRINGS = NO;
				SWIFT_VERSION = 5.0;
				TARGETED_DEVICE_FAMILY = "1,2";
				TEST_TARGET_NAME = ChoiceOfTwo;
			};
			name = Debug;
		};
		D178078E2B6AB0FB003B84F7 /* Release */ = {
			isa = XCBuildConfiguration;
			buildSettings = {
				ALWAYS_EMBED_SWIFT_STANDARD_LIBRARIES = YES;
				CODE_SIGN_STYLE = Automatic;
				CURRENT_PROJECT_VERSION = 1;
				DEVELOPMENT_TEAM = JTJACLKKSJ;
				GENERATE_INFOPLIST_FILE = YES;
				MARKETING_VERSION = 1.0;
				PRODUCT_BUNDLE_IDENTIFIER = yaroslavSokolov.ChoiceOfTwoUITests;
				PRODUCT_NAME = "$(TARGET_NAME)";
				SWIFT_EMIT_LOC_STRINGS = NO;
				SWIFT_VERSION = 5.0;
				TARGETED_DEVICE_FAMILY = "1,2";
				TEST_TARGET_NAME = ChoiceOfTwo;
			};
			name = Release;
		};
/* End XCBuildConfiguration section */

/* Begin XCConfigurationList section */
		D17807572B6AB0FA003B84F7 /* Build configuration list for PBXProject "ChoiceOfTwo" */ = {
			isa = XCConfigurationList;
			buildConfigurations = (
				D17807842B6AB0FB003B84F7 /* Debug */,
				D17807852B6AB0FB003B84F7 /* Release */,
			);
			defaultConfigurationIsVisible = 0;
			defaultConfigurationName = Release;
		};
		D17807862B6AB0FB003B84F7 /* Build configuration list for PBXNativeTarget "ChoiceOfTwo" */ = {
			isa = XCConfigurationList;
			buildConfigurations = (
				D17807872B6AB0FB003B84F7 /* Debug */,
				D17807882B6AB0FB003B84F7 /* Release */,
			);
			defaultConfigurationIsVisible = 0;
			defaultConfigurationName = Release;
		};
		D17807892B6AB0FB003B84F7 /* Build configuration list for PBXNativeTarget "ChoiceOfTwoTests" */ = {
			isa = XCConfigurationList;
			buildConfigurations = (
				D178078A2B6AB0FB003B84F7 /* Debug */,
				D178078B2B6AB0FB003B84F7 /* Release */,
			);
			defaultConfigurationIsVisible = 0;
			defaultConfigurationName = Release;
		};
		D178078C2B6AB0FB003B84F7 /* Build configuration list for PBXNativeTarget "ChoiceOfTwoUITests" */ = {
			isa = XCConfigurationList;
			buildConfigurations = (
				D178078D2B6AB0FB003B84F7 /* Debug */,
				D178078E2B6AB0FB003B84F7 /* Release */,
			);
			defaultConfigurationIsVisible = 0;
			defaultConfigurationName = Release;
		};
/* End XCConfigurationList section */
	};
	rootObject = D17807542B6AB0FA003B84F7 /* Project object */;
}
