// !$*UTF8*$!
{
	archiveVersion = 1;
	classes = {
	};
	objectVersion = 56;
	objects = {

/* Begin PBXBuildFile section */
		D100BB5E2B9F90C10048330C /* RecievedCellView.swift in Sources */ = {isa = PBXBuildFile; fileRef = D100BB5D2B9F90C10048330C /* RecievedCellView.swift */; };
		D100BB602BA09B1C0048330C /* InteractFriendView.swift in Sources */ = {isa = PBXBuildFile; fileRef = D100BB5F2BA09B1C0048330C /* InteractFriendView.swift */; };
		D100BB622BA0BA460048330C /* CustomAnimatedMessageWithButtons.swift in Sources */ = {isa = PBXBuildFile; fileRef = D100BB612BA0BA460048330C /* CustomAnimatedMessageWithButtons.swift */; };
		D11A8B772B8FD96D006ED938 /* FinalCropImageController.swift in Sources */ = {isa = PBXBuildFile; fileRef = D11A8B762B8FD96D006ED938 /* FinalCropImageController.swift */; };
		D12AE7DF2B7E7A9D004511B5 /* HomeCoordinator.swift in Sources */ = {isa = PBXBuildFile; fileRef = D12AE7DE2B7E7A9D004511B5 /* HomeCoordinator.swift */; };
		D12AE7E12B7E7B0E004511B5 /* HomeCoordinator+Ext.swift in Sources */ = {isa = PBXBuildFile; fileRef = D12AE7E02B7E7B0E004511B5 /* HomeCoordinator+Ext.swift */; };
		D12AE7E32B7E7B74004511B5 /* MenuCoordiantor.swift in Sources */ = {isa = PBXBuildFile; fileRef = D12AE7E22B7E7B74004511B5 /* MenuCoordiantor.swift */; };
		D12AE7E52B7E7C0F004511B5 /* MenuVM.swift in Sources */ = {isa = PBXBuildFile; fileRef = D12AE7E42B7E7C0F004511B5 /* MenuVM.swift */; };
		D12CC0BD2B866D8800B141E8 /* SearchFriendsController+UITextFIeldDelegate.swift in Sources */ = {isa = PBXBuildFile; fileRef = D12CC0BC2B866D8800B141E8 /* SearchFriendsController+UITextFIeldDelegate.swift */; };
		D1332ADC2B84D0CD00F34C51 /* SearchFriendsController.swift in Sources */ = {isa = PBXBuildFile; fileRef = D1332ADB2B84D0CD00F34C51 /* SearchFriendsController.swift */; };
		D1332ADF2B8514E000F34C51 /* SearchFriendsVM.swift in Sources */ = {isa = PBXBuildFile; fileRef = D1332ADE2B8514E000F34C51 /* SearchFriendsVM.swift */; };
		D1332AE12B8515B700F34C51 /* SearchFriendsCoordinator.swift in Sources */ = {isa = PBXBuildFile; fileRef = D1332AE02B8515B700F34C51 /* SearchFriendsCoordinator.swift */; };
		D1332AE32B85267300F34C51 /* ProfileCoordinator.swift in Sources */ = {isa = PBXBuildFile; fileRef = D1332AE22B85267300F34C51 /* ProfileCoordinator.swift */; };
		D1332AE62B85286800F34C51 /* DataBaseManager.swift in Sources */ = {isa = PBXBuildFile; fileRef = D1332AE52B85286800F34C51 /* DataBaseManager.swift */; };
		D1332AE82B852C8400F34C51 /* UserModel.swift in Sources */ = {isa = PBXBuildFile; fileRef = D1332AE72B852C8400F34C51 /* UserModel.swift */; };
		D1332AEA2B855CE600F34C51 /* UserSearchCellView.swift in Sources */ = {isa = PBXBuildFile; fileRef = D1332AE92B855CE600F34C51 /* UserSearchCellView.swift */; };
		D1332AEC2B855D7700F34C51 /* SearchFriendsController+UICollectionView.swift in Sources */ = {isa = PBXBuildFile; fileRef = D1332AEB2B855D7700F34C51 /* SearchFriendsController+UICollectionView.swift */; };
		D167422C2B94A6B100730962 /* LoginController+NotificationCenter.swift in Sources */ = {isa = PBXBuildFile; fileRef = D167422B2B94A6B100730962 /* LoginController+NotificationCenter.swift */; };
		D167422F2B95266D00730962 /* CustomAnimatedMessageLabel.swift in Sources */ = {isa = PBXBuildFile; fileRef = D167422E2B95266D00730962 /* CustomAnimatedMessageLabel.swift */; };
		D17807602B6AB0FA003B84F7 /* AppDelegate.swift in Sources */ = {isa = PBXBuildFile; fileRef = D178075F2B6AB0FA003B84F7 /* AppDelegate.swift */; };
		D17807622B6AB0FA003B84F7 /* SceneDelegate.swift in Sources */ = {isa = PBXBuildFile; fileRef = D17807612B6AB0FA003B84F7 /* SceneDelegate.swift */; };
		D17807692B6AB0FB003B84F7 /* Assets.xcassets in Resources */ = {isa = PBXBuildFile; fileRef = D17807682B6AB0FB003B84F7 /* Assets.xcassets */; };
		D178076C2B6AB0FB003B84F7 /* LaunchScreen.storyboard in Resources */ = {isa = PBXBuildFile; fileRef = D178076A2B6AB0FB003B84F7 /* LaunchScreen.storyboard */; };
		D17807772B6AB0FB003B84F7 /* ChoiceOfTwoTests.swift in Sources */ = {isa = PBXBuildFile; fileRef = D17807762B6AB0FB003B84F7 /* ChoiceOfTwoTests.swift */; };
		D17807812B6AB0FB003B84F7 /* ChoiceOfTwoUITests.swift in Sources */ = {isa = PBXBuildFile; fileRef = D17807802B6AB0FB003B84F7 /* ChoiceOfTwoUITests.swift */; };
		D17807832B6AB0FB003B84F7 /* ChoiceOfTwoUITestsLaunchTests.swift in Sources */ = {isa = PBXBuildFile; fileRef = D17807822B6AB0FB003B84F7 /* ChoiceOfTwoUITestsLaunchTests.swift */; };
		D199BE512B7FD7BE000EBA02 /* CustomSectionHeaderView.swift in Sources */ = {isa = PBXBuildFile; fileRef = D199BE502B7FD7BE000EBA02 /* CustomSectionHeaderView.swift */; };
		D199BE532B80F364000EBA02 /* friendProfileImageButton.swift in Sources */ = {isa = PBXBuildFile; fileRef = D199BE522B80F364000EBA02 /* friendProfileImageButton.swift */; };
		D199BE552B8102AA000EBA02 /* MenuController+UICollectionView.swift in Sources */ = {isa = PBXBuildFile; fileRef = D199BE542B8102AA000EBA02 /* MenuController+UICollectionView.swift */; };
		D199BE572B810A7E000EBA02 /* FriendCellView.swift in Sources */ = {isa = PBXBuildFile; fileRef = D199BE562B810A7E000EBA02 /* FriendCellView.swift */; };
		D199BE592B81267D000EBA02 /* Devider.swift in Sources */ = {isa = PBXBuildFile; fileRef = D199BE582B81267D000EBA02 /* Devider.swift */; };
		D199BE5B2B81289A000EBA02 /* HistoryCellView.swift in Sources */ = {isa = PBXBuildFile; fileRef = D199BE5A2B81289A000EBA02 /* HistoryCellView.swift */; };
		D199BE5D2B81293C000EBA02 /* SkeletonHistoryCard.swift in Sources */ = {isa = PBXBuildFile; fileRef = D199BE5C2B81293C000EBA02 /* SkeletonHistoryCard.swift */; };
		D199BE632B824C8F000EBA02 /* ProfileController.swift in Sources */ = {isa = PBXBuildFile; fileRef = D199BE622B824C8F000EBA02 /* ProfileController.swift */; };
		D199BE652B824CD1000EBA02 /* ProfileVM.swift in Sources */ = {isa = PBXBuildFile; fileRef = D199BE642B824CD1000EBA02 /* ProfileVM.swift */; };
		D199BE672B829809000EBA02 /* CustomTabBar.swift in Sources */ = {isa = PBXBuildFile; fileRef = D199BE662B829809000EBA02 /* CustomTabBar.swift */; };
		D19D6F282B8B866100E2B907 /* SearchFriendsController+ScrollViewDelegate.swift in Sources */ = {isa = PBXBuildFile; fileRef = D19D6F272B8B866100E2B907 /* SearchFriendsController+ScrollViewDelegate.swift */; };
		D19D6F2A2B8B8CF700E2B907 /* UIScrollView+Extension.swift in Sources */ = {isa = PBXBuildFile; fileRef = D19D6F292B8B8CF700E2B907 /* UIScrollView+Extension.swift */; };
		D19D6F2C2B8BA9C300E2B907 /* UICollectionView+UICollectionViewFlowLayout.swift in Sources */ = {isa = PBXBuildFile; fileRef = D19D6F2B2B8BA9C300E2B907 /* UICollectionView+UICollectionViewFlowLayout.swift */; };
		D19D6F2E2B8BB97700E2B907 /* ChooseProfPictureController.swift in Sources */ = {isa = PBXBuildFile; fileRef = D19D6F2D2B8BB97700E2B907 /* ChooseProfPictureController.swift */; };
		D19D6F312B8BBA1800E2B907 /* CropViewController in Frameworks */ = {isa = PBXBuildFile; productRef = D19D6F302B8BBA1800E2B907 /* CropViewController */; };
		D19D6F332B8BBA1800E2B907 /* TOCropViewController in Frameworks */ = {isa = PBXBuildFile; productRef = D19D6F322B8BBA1800E2B907 /* TOCropViewController */; };
		D19D6F352B8BBB9900E2B907 /* ChooseProfPictureVM.swift in Sources */ = {isa = PBXBuildFile; fileRef = D19D6F342B8BBB9900E2B907 /* ChooseProfPictureVM.swift */; };
		D19D6F372B8BCC3F00E2B907 /* CropImageController.swift in Sources */ = {isa = PBXBuildFile; fileRef = D19D6F362B8BCC3F00E2B907 /* CropImageController.swift */; };
		D19D6F392B8D029800E2B907 /* UIImageView+Extension.swift in Sources */ = {isa = PBXBuildFile; fileRef = D19D6F382B8D029800E2B907 /* UIImageView+Extension.swift */; };
		D1D753912B7265EF00ADF274 /* LoginController.swift in Sources */ = {isa = PBXBuildFile; fileRef = D1D753902B7265EF00ADF274 /* LoginController.swift */; };
		D1D753952B72677C00ADF274 /* CustomTextField.swift in Sources */ = {isa = PBXBuildFile; fileRef = D1D753942B72677C00ADF274 /* CustomTextField.swift */; };
		D1D753972B726A6900ADF274 /* EntryController.swift in Sources */ = {isa = PBXBuildFile; fileRef = D1D753962B726A6900ADF274 /* EntryController.swift */; };
		D1D753992B726AE200ADF274 /* CustomButton.swift in Sources */ = {isa = PBXBuildFile; fileRef = D1D753982B726AE200ADF274 /* CustomButton.swift */; };
		D1D753A02B72856800ADF274 /* EntryVM.swift in Sources */ = {isa = PBXBuildFile; fileRef = D1D7539F2B72856800ADF274 /* EntryVM.swift */; };
		D1D753AF2B728CCD00ADF274 /* Font+Extension.swift in Sources */ = {isa = PBXBuildFile; fileRef = D1D753AE2B728CCD00ADF274 /* Font+Extension.swift */; };
		D1D753B72B72924E00ADF274 /* Nunito-Light.ttf in Resources */ = {isa = PBXBuildFile; fileRef = D1D753B02B72924E00ADF274 /* Nunito-Light.ttf */; };
		D1D753B82B72924E00ADF274 /* Nunito-Regular.ttf in Resources */ = {isa = PBXBuildFile; fileRef = D1D753B12B72924E00ADF274 /* Nunito-Regular.ttf */; };
		D1D753B92B72924E00ADF274 /* Nunito-ExtraLight.ttf in Resources */ = {isa = PBXBuildFile; fileRef = D1D753B22B72924E00ADF274 /* Nunito-ExtraLight.ttf */; };
		D1D753BA2B72924E00ADF274 /* Nunito-SemiBold.ttf in Resources */ = {isa = PBXBuildFile; fileRef = D1D753B32B72924E00ADF274 /* Nunito-SemiBold.ttf */; };
		D1D753BB2B72924E00ADF274 /* Nunito-ExtraBold.ttf in Resources */ = {isa = PBXBuildFile; fileRef = D1D753B42B72924E00ADF274 /* Nunito-ExtraBold.ttf */; };
		D1D753BC2B72924E00ADF274 /* Nunito-Medium.ttf in Resources */ = {isa = PBXBuildFile; fileRef = D1D753B52B72924E00ADF274 /* Nunito-Medium.ttf */; };
		D1D753BD2B72924E00ADF274 /* Nunito-Bold.ttf in Resources */ = {isa = PBXBuildFile; fileRef = D1D753B62B72924E00ADF274 /* Nunito-Bold.ttf */; };
		D1D753BF2B73EE5B00ADF274 /* LoginVM.swift in Sources */ = {isa = PBXBuildFile; fileRef = D1D753BE2B73EE5B00ADF274 /* LoginVM.swift */; };
		D1D753C62B73F0A700ADF274 /* FirebaseAuth in Frameworks */ = {isa = PBXBuildFile; productRef = D1D753C52B73F0A700ADF274 /* FirebaseAuth */; };
		D1D753C82B73F0A700ADF274 /* FirebaseDatabase in Frameworks */ = {isa = PBXBuildFile; productRef = D1D753C72B73F0A700ADF274 /* FirebaseDatabase */; };
		D1D753CA2B73F0A700ADF274 /* FirebaseFirestore in Frameworks */ = {isa = PBXBuildFile; productRef = D1D753C92B73F0A700ADF274 /* FirebaseFirestore */; };
		D1D753CE2B73F2BE00ADF274 /* AuthService.swift in Sources */ = {isa = PBXBuildFile; fileRef = D1D753CD2B73F2BE00ADF274 /* AuthService.swift */; };
		D1D753D02B73F2FF00ADF274 /* RegisterUserRequest.swift in Sources */ = {isa = PBXBuildFile; fileRef = D1D753CF2B73F2FF00ADF274 /* RegisterUserRequest.swift */; };
		D1D753D42B73F68D00ADF274 /* RegisterController.swift in Sources */ = {isa = PBXBuildFile; fileRef = D1D753D32B73F68D00ADF274 /* RegisterController.swift */; };
		D1D753D62B73F77300ADF274 /* AuthHeaderView.swift in Sources */ = {isa = PBXBuildFile; fileRef = D1D753D52B73F77300ADF274 /* AuthHeaderView.swift */; };
		D1D753D82B73FDFB00ADF274 /* RegisterVM.swift in Sources */ = {isa = PBXBuildFile; fileRef = D1D753D72B73FDFB00ADF274 /* RegisterVM.swift */; };
		D1D753DA2B74297700ADF274 /* CustomCircleButton.swift in Sources */ = {isa = PBXBuildFile; fileRef = D1D753D92B74297700ADF274 /* CustomCircleButton.swift */; };
		D1D753DD2B7662D500ADF274 /* GoogleSignIn in Frameworks */ = {isa = PBXBuildFile; productRef = D1D753DC2B7662D500ADF274 /* GoogleSignIn */; };
		D1D753DF2B7662D500ADF274 /* GoogleSignInSwift in Frameworks */ = {isa = PBXBuildFile; productRef = D1D753DE2B7662D500ADF274 /* GoogleSignInSwift */; };
		D1D753E12B76637F00ADF274 /* GoogleService-Info.plist in Resources */ = {isa = PBXBuildFile; fileRef = D1D753E02B76637F00ADF274 /* GoogleService-Info.plist */; };
		D1D753E32B766F8F00ADF274 /* CustomImageAuthButton.swift in Sources */ = {isa = PBXBuildFile; fileRef = D1D753E22B766F8F00ADF274 /* CustomImageAuthButton.swift */; };
		D1D753E62B76750100ADF274 /* UIImage+CGSize.swift in Sources */ = {isa = PBXBuildFile; fileRef = D1D753E52B76750100ADF274 /* UIImage+CGSize.swift */; };
		D1D753E82B7689FD00ADF274 /* MenuController.swift in Sources */ = {isa = PBXBuildFile; fileRef = D1D753E72B7689FD00ADF274 /* MenuController.swift */; };
		D1D753F62B79526F00ADF274 /* UINavigationController+Ext.swift in Sources */ = {isa = PBXBuildFile; fileRef = D1D753F52B79526F00ADF274 /* UINavigationController+Ext.swift */; };
		D1D754022B795BD900ADF274 /* AppCoordinator.swift in Sources */ = {isa = PBXBuildFile; fileRef = D1D754012B795BD900ADF274 /* AppCoordinator.swift */; };
		D1D754042B795BF300ADF274 /* LaunchInstructor.swift in Sources */ = {isa = PBXBuildFile; fileRef = D1D754032B795BF300ADF274 /* LaunchInstructor.swift */; };
		D1D754062B795C0500ADF274 /* CoordinatorProtocol.swift in Sources */ = {isa = PBXBuildFile; fileRef = D1D754052B795C0500ADF274 /* CoordinatorProtocol.swift */; };
		D1D754092B79708600ADF274 /* ParentCoordinatorProtocol+Ex.swift in Sources */ = {isa = PBXBuildFile; fileRef = D1D754082B79708600ADF274 /* ParentCoordinatorProtocol+Ex.swift */; };
		D1D7540E2B7972BF00ADF274 /* EntryCoordinator.swift in Sources */ = {isa = PBXBuildFile; fileRef = D1D7540D2B7972BF00ADF274 /* EntryCoordinator.swift */; };
		D1D754102B79736D00ADF274 /* ChildrenCoordinatorProtocool.swift in Sources */ = {isa = PBXBuildFile; fileRef = D1D7540F2B79736D00ADF274 /* ChildrenCoordinatorProtocool.swift */; };
		D1D754122B79753600ADF274 /* AuthCoordinator+Ext.swift in Sources */ = {isa = PBXBuildFile; fileRef = D1D754112B79753600ADF274 /* AuthCoordinator+Ext.swift */; };
		D1D754142B7975BA00ADF274 /* LoginCoordinator.swift in Sources */ = {isa = PBXBuildFile; fileRef = D1D754132B7975BA00ADF274 /* LoginCoordinator.swift */; };
		D1D754162B7976EE00ADF274 /* RegisterCoordinator.swift in Sources */ = {isa = PBXBuildFile; fileRef = D1D754152B7976EE00ADF274 /* RegisterCoordinator.swift */; };
		D1D754182B79781E00ADF274 /* AppCoordinator+Ext.swift in Sources */ = {isa = PBXBuildFile; fileRef = D1D754172B79781E00ADF274 /* AppCoordinator+Ext.swift */; };
		D1D7541A2B7979A100ADF274 /* AuthCoordinator.swift in Sources */ = {isa = PBXBuildFile; fileRef = D1D754192B7979A100ADF274 /* AuthCoordinator.swift */; };
		D1D7541C2B7A518D00ADF274 /* ConsoleLogger.swift in Sources */ = {isa = PBXBuildFile; fileRef = D1D7541B2B7A518D00ADF274 /* ConsoleLogger.swift */; };
		D1D7541E2B7A69C300ADF274 /* String+Ext.swift in Sources */ = {isa = PBXBuildFile; fileRef = D1D7541D2B7A69C300ADF274 /* String+Ext.swift */; };
		D1D754202B7A69EE00ADF274 /* TextFieldValidation.swift in Sources */ = {isa = PBXBuildFile; fileRef = D1D7541F2B7A69EE00ADF274 /* TextFieldValidation.swift */; };
		D1D754222B7A6A9300ADF274 /* UITextField+Ext.swift in Sources */ = {isa = PBXBuildFile; fileRef = D1D754212B7A6A9300ADF274 /* UITextField+Ext.swift */; };
		D1D754242B7A8CFD00ADF274 /* LoginController+UITextFieldDelegate.swift in Sources */ = {isa = PBXBuildFile; fileRef = D1D754232B7A8CFD00ADF274 /* LoginController+UITextFieldDelegate.swift */; };
		D1D754262B7A8D2F00ADF274 /* RegisterController+UITextFieldDelegate.swift in Sources */ = {isa = PBXBuildFile; fileRef = D1D754252B7A8D2F00ADF274 /* RegisterController+UITextFieldDelegate.swift */; };
		D1D7542B2B7AA7B100ADF274 /* ValidateProtocol+Ext.swift in Sources */ = {isa = PBXBuildFile; fileRef = D1D7542A2B7AA7B100ADF274 /* ValidateProtocol+Ext.swift */; };
		D1D754312B7BFD9000ADF274 /* CustomErrorLabelView.swift in Sources */ = {isa = PBXBuildFile; fileRef = D1D754302B7BFD9000ADF274 /* CustomErrorLabelView.swift */; };
		D1E687D92B93F78D006BD6CD /* RegisterController+NotificationCenter.swift in Sources */ = {isa = PBXBuildFile; fileRef = D1E687D82B93F78D006BD6CD /* RegisterController+NotificationCenter.swift */; };
		D1F5874C2B927C320072CFAA /* RegisterProfImageCoordinator.swift in Sources */ = {isa = PBXBuildFile; fileRef = D1F5874B2B927C320072CFAA /* RegisterProfImageCoordinator.swift */; };
		D1F5874E2B927CAE0072CFAA /* RegisterProfImageVM.swift in Sources */ = {isa = PBXBuildFile; fileRef = D1F5874D2B927CAE0072CFAA /* RegisterProfImageVM.swift */; };
		D1F587502B927CE10072CFAA /* RegisterProfImageController.swift in Sources */ = {isa = PBXBuildFile; fileRef = D1F5874F2B927CE10072CFAA /* RegisterProfImageController.swift */; };
		D1F587522B927EAF0072CFAA /* CropImageCoordinator.swift in Sources */ = {isa = PBXBuildFile; fileRef = D1F587512B927EAF0072CFAA /* CropImageCoordinator.swift */; };
		D1F587582B9281120072CFAA /* CropImageVM.swift in Sources */ = {isa = PBXBuildFile; fileRef = D1F587572B9281120072CFAA /* CropImageVM.swift */; };
		D1F5875A2B928B0B0072CFAA /* RegisterProfImage+Extension.swift in Sources */ = {isa = PBXBuildFile; fileRef = D1F587592B928B0B0072CFAA /* RegisterProfImage+Extension.swift */; };
/* End PBXBuildFile section */

/* Begin PBXContainerItemProxy section */
		D17807732B6AB0FB003B84F7 /* PBXContainerItemProxy */ = {
			isa = PBXContainerItemProxy;
			containerPortal = D17807542B6AB0FA003B84F7 /* Project object */;
			proxyType = 1;
			remoteGlobalIDString = D178075B2B6AB0FA003B84F7;
			remoteInfo = ChoiceOfTwo;
		};
		D178077D2B6AB0FB003B84F7 /* PBXContainerItemProxy */ = {
			isa = PBXContainerItemProxy;
			containerPortal = D17807542B6AB0FA003B84F7 /* Project object */;
			proxyType = 1;
			remoteGlobalIDString = D178075B2B6AB0FA003B84F7;
			remoteInfo = ChoiceOfTwo;
		};
/* End PBXContainerItemProxy section */

/* Begin PBXFileReference section */
		D100BB5D2B9F90C10048330C /* RecievedCellView.swift */ = {isa = PBXFileReference; lastKnownFileType = sourcecode.swift; path = RecievedCellView.swift; sourceTree = "<group>"; };
		D100BB5F2BA09B1C0048330C /* InteractFriendView.swift */ = {isa = PBXFileReference; lastKnownFileType = sourcecode.swift; path = InteractFriendView.swift; sourceTree = "<group>"; };
		D100BB612BA0BA460048330C /* CustomAnimatedMessageWithButtons.swift */ = {isa = PBXFileReference; lastKnownFileType = sourcecode.swift; path = CustomAnimatedMessageWithButtons.swift; sourceTree = "<group>"; };
		D11A8B762B8FD96D006ED938 /* FinalCropImageController.swift */ = {isa = PBXFileReference; lastKnownFileType = sourcecode.swift; path = FinalCropImageController.swift; sourceTree = "<group>"; };
		D12AE7DE2B7E7A9D004511B5 /* HomeCoordinator.swift */ = {isa = PBXFileReference; lastKnownFileType = sourcecode.swift; path = HomeCoordinator.swift; sourceTree = "<group>"; };
		D12AE7E02B7E7B0E004511B5 /* HomeCoordinator+Ext.swift */ = {isa = PBXFileReference; lastKnownFileType = sourcecode.swift; path = "HomeCoordinator+Ext.swift"; sourceTree = "<group>"; };
		D12AE7E22B7E7B74004511B5 /* MenuCoordiantor.swift */ = {isa = PBXFileReference; lastKnownFileType = sourcecode.swift; path = MenuCoordiantor.swift; sourceTree = "<group>"; };
		D12AE7E42B7E7C0F004511B5 /* MenuVM.swift */ = {isa = PBXFileReference; lastKnownFileType = sourcecode.swift; path = MenuVM.swift; sourceTree = "<group>"; };
		D12CC0BC2B866D8800B141E8 /* SearchFriendsController+UITextFIeldDelegate.swift */ = {isa = PBXFileReference; lastKnownFileType = sourcecode.swift; path = "SearchFriendsController+UITextFIeldDelegate.swift"; sourceTree = "<group>"; };
		D1332ADB2B84D0CD00F34C51 /* SearchFriendsController.swift */ = {isa = PBXFileReference; lastKnownFileType = sourcecode.swift; path = SearchFriendsController.swift; sourceTree = "<group>"; };
		D1332ADE2B8514E000F34C51 /* SearchFriendsVM.swift */ = {isa = PBXFileReference; lastKnownFileType = sourcecode.swift; path = SearchFriendsVM.swift; sourceTree = "<group>"; };
		D1332AE02B8515B700F34C51 /* SearchFriendsCoordinator.swift */ = {isa = PBXFileReference; lastKnownFileType = sourcecode.swift; path = SearchFriendsCoordinator.swift; sourceTree = "<group>"; };
		D1332AE22B85267300F34C51 /* ProfileCoordinator.swift */ = {isa = PBXFileReference; lastKnownFileType = sourcecode.swift; path = ProfileCoordinator.swift; sourceTree = "<group>"; };
		D1332AE52B85286800F34C51 /* DataBaseManager.swift */ = {isa = PBXFileReference; lastKnownFileType = sourcecode.swift; path = DataBaseManager.swift; sourceTree = "<group>"; };
		D1332AE72B852C8400F34C51 /* UserModel.swift */ = {isa = PBXFileReference; lastKnownFileType = sourcecode.swift; path = UserModel.swift; sourceTree = "<group>"; };
		D1332AE92B855CE600F34C51 /* UserSearchCellView.swift */ = {isa = PBXFileReference; lastKnownFileType = sourcecode.swift; path = UserSearchCellView.swift; sourceTree = "<group>"; };
		D1332AEB2B855D7700F34C51 /* SearchFriendsController+UICollectionView.swift */ = {isa = PBXFileReference; lastKnownFileType = sourcecode.swift; path = "SearchFriendsController+UICollectionView.swift"; sourceTree = "<group>"; };
		D167422B2B94A6B100730962 /* LoginController+NotificationCenter.swift */ = {isa = PBXFileReference; lastKnownFileType = sourcecode.swift; path = "LoginController+NotificationCenter.swift"; sourceTree = "<group>"; };
		D167422E2B95266D00730962 /* CustomAnimatedMessageLabel.swift */ = {isa = PBXFileReference; lastKnownFileType = sourcecode.swift; path = CustomAnimatedMessageLabel.swift; sourceTree = "<group>"; };
		D178075C2B6AB0FA003B84F7 /* ChoiceOfTwo.app */ = {isa = PBXFileReference; explicitFileType = wrapper.application; includeInIndex = 0; path = ChoiceOfTwo.app; sourceTree = BUILT_PRODUCTS_DIR; };
		D178075F2B6AB0FA003B84F7 /* AppDelegate.swift */ = {isa = PBXFileReference; lastKnownFileType = sourcecode.swift; path = AppDelegate.swift; sourceTree = "<group>"; };
		D17807612B6AB0FA003B84F7 /* SceneDelegate.swift */ = {isa = PBXFileReference; lastKnownFileType = sourcecode.swift; path = SceneDelegate.swift; sourceTree = "<group>"; };
		D17807682B6AB0FB003B84F7 /* Assets.xcassets */ = {isa = PBXFileReference; lastKnownFileType = folder.assetcatalog; path = Assets.xcassets; sourceTree = "<group>"; };
		D178076B2B6AB0FB003B84F7 /* Base */ = {isa = PBXFileReference; lastKnownFileType = file.storyboard; name = Base; path = Base.lproj/LaunchScreen.storyboard; sourceTree = "<group>"; };
		D178076D2B6AB0FB003B84F7 /* Info.plist */ = {isa = PBXFileReference; lastKnownFileType = text.plist.xml; path = Info.plist; sourceTree = "<group>"; };
		D17807722B6AB0FB003B84F7 /* ChoiceOfTwoTests.xctest */ = {isa = PBXFileReference; explicitFileType = wrapper.cfbundle; includeInIndex = 0; path = ChoiceOfTwoTests.xctest; sourceTree = BUILT_PRODUCTS_DIR; };
		D17807762B6AB0FB003B84F7 /* ChoiceOfTwoTests.swift */ = {isa = PBXFileReference; lastKnownFileType = sourcecode.swift; path = ChoiceOfTwoTests.swift; sourceTree = "<group>"; };
		D178077C2B6AB0FB003B84F7 /* ChoiceOfTwoUITests.xctest */ = {isa = PBXFileReference; explicitFileType = wrapper.cfbundle; includeInIndex = 0; path = ChoiceOfTwoUITests.xctest; sourceTree = BUILT_PRODUCTS_DIR; };
		D17807802B6AB0FB003B84F7 /* ChoiceOfTwoUITests.swift */ = {isa = PBXFileReference; lastKnownFileType = sourcecode.swift; path = ChoiceOfTwoUITests.swift; sourceTree = "<group>"; };
		D17807822B6AB0FB003B84F7 /* ChoiceOfTwoUITestsLaunchTests.swift */ = {isa = PBXFileReference; lastKnownFileType = sourcecode.swift; path = ChoiceOfTwoUITestsLaunchTests.swift; sourceTree = "<group>"; };
		D199BE502B7FD7BE000EBA02 /* CustomSectionHeaderView.swift */ = {isa = PBXFileReference; lastKnownFileType = sourcecode.swift; path = CustomSectionHeaderView.swift; sourceTree = "<group>"; };
		D199BE522B80F364000EBA02 /* friendProfileImageButton.swift */ = {isa = PBXFileReference; lastKnownFileType = sourcecode.swift; path = friendProfileImageButton.swift; sourceTree = "<group>"; };
		D199BE542B8102AA000EBA02 /* MenuController+UICollectionView.swift */ = {isa = PBXFileReference; lastKnownFileType = sourcecode.swift; path = "MenuController+UICollectionView.swift"; sourceTree = "<group>"; };
		D199BE562B810A7E000EBA02 /* FriendCellView.swift */ = {isa = PBXFileReference; lastKnownFileType = sourcecode.swift; path = FriendCellView.swift; sourceTree = "<group>"; };
		D199BE582B81267D000EBA02 /* Devider.swift */ = {isa = PBXFileReference; lastKnownFileType = sourcecode.swift; path = Devider.swift; sourceTree = "<group>"; };
		D199BE5A2B81289A000EBA02 /* HistoryCellView.swift */ = {isa = PBXFileReference; lastKnownFileType = sourcecode.swift; path = HistoryCellView.swift; sourceTree = "<group>"; };
		D199BE5C2B81293C000EBA02 /* SkeletonHistoryCard.swift */ = {isa = PBXFileReference; lastKnownFileType = sourcecode.swift; path = SkeletonHistoryCard.swift; sourceTree = "<group>"; };
		D199BE622B824C8F000EBA02 /* ProfileController.swift */ = {isa = PBXFileReference; lastKnownFileType = sourcecode.swift; path = ProfileController.swift; sourceTree = "<group>"; };
		D199BE642B824CD1000EBA02 /* ProfileVM.swift */ = {isa = PBXFileReference; lastKnownFileType = sourcecode.swift; path = ProfileVM.swift; sourceTree = "<group>"; };
		D199BE662B829809000EBA02 /* CustomTabBar.swift */ = {isa = PBXFileReference; lastKnownFileType = sourcecode.swift; path = CustomTabBar.swift; sourceTree = "<group>"; };
		D19D6F272B8B866100E2B907 /* SearchFriendsController+ScrollViewDelegate.swift */ = {isa = PBXFileReference; lastKnownFileType = sourcecode.swift; path = "SearchFriendsController+ScrollViewDelegate.swift"; sourceTree = "<group>"; };
		D19D6F292B8B8CF700E2B907 /* UIScrollView+Extension.swift */ = {isa = PBXFileReference; lastKnownFileType = sourcecode.swift; path = "UIScrollView+Extension.swift"; sourceTree = "<group>"; };
		D19D6F2B2B8BA9C300E2B907 /* UICollectionView+UICollectionViewFlowLayout.swift */ = {isa = PBXFileReference; lastKnownFileType = sourcecode.swift; path = "UICollectionView+UICollectionViewFlowLayout.swift"; sourceTree = "<group>"; };
		D19D6F2D2B8BB97700E2B907 /* ChooseProfPictureController.swift */ = {isa = PBXFileReference; lastKnownFileType = sourcecode.swift; path = ChooseProfPictureController.swift; sourceTree = "<group>"; };
		D19D6F342B8BBB9900E2B907 /* ChooseProfPictureVM.swift */ = {isa = PBXFileReference; lastKnownFileType = sourcecode.swift; path = ChooseProfPictureVM.swift; sourceTree = "<group>"; };
		D19D6F362B8BCC3F00E2B907 /* CropImageController.swift */ = {isa = PBXFileReference; lastKnownFileType = sourcecode.swift; path = CropImageController.swift; sourceTree = "<group>"; };
		D19D6F382B8D029800E2B907 /* UIImageView+Extension.swift */ = {isa = PBXFileReference; lastKnownFileType = sourcecode.swift; path = "UIImageView+Extension.swift"; sourceTree = "<group>"; };
		D1D753902B7265EF00ADF274 /* LoginController.swift */ = {isa = PBXFileReference; lastKnownFileType = sourcecode.swift; path = LoginController.swift; sourceTree = "<group>"; };
		D1D753942B72677C00ADF274 /* CustomTextField.swift */ = {isa = PBXFileReference; lastKnownFileType = sourcecode.swift; path = CustomTextField.swift; sourceTree = "<group>"; };
		D1D753962B726A6900ADF274 /* EntryController.swift */ = {isa = PBXFileReference; lastKnownFileType = sourcecode.swift; path = EntryController.swift; sourceTree = "<group>"; };
		D1D753982B726AE200ADF274 /* CustomButton.swift */ = {isa = PBXFileReference; lastKnownFileType = sourcecode.swift; path = CustomButton.swift; sourceTree = "<group>"; };
		D1D7539F2B72856800ADF274 /* EntryVM.swift */ = {isa = PBXFileReference; lastKnownFileType = sourcecode.swift; path = EntryVM.swift; sourceTree = "<group>"; };
		D1D753AE2B728CCD00ADF274 /* Font+Extension.swift */ = {isa = PBXFileReference; lastKnownFileType = sourcecode.swift; path = "Font+Extension.swift"; sourceTree = "<group>"; };
		D1D753B02B72924E00ADF274 /* Nunito-Light.ttf */ = {isa = PBXFileReference; lastKnownFileType = file; path = "Nunito-Light.ttf"; sourceTree = "<group>"; };
		D1D753B12B72924E00ADF274 /* Nunito-Regular.ttf */ = {isa = PBXFileReference; lastKnownFileType = file; path = "Nunito-Regular.ttf"; sourceTree = "<group>"; };
		D1D753B22B72924E00ADF274 /* Nunito-ExtraLight.ttf */ = {isa = PBXFileReference; lastKnownFileType = file; path = "Nunito-ExtraLight.ttf"; sourceTree = "<group>"; };
		D1D753B32B72924E00ADF274 /* Nunito-SemiBold.ttf */ = {isa = PBXFileReference; lastKnownFileType = file; path = "Nunito-SemiBold.ttf"; sourceTree = "<group>"; };
		D1D753B42B72924E00ADF274 /* Nunito-ExtraBold.ttf */ = {isa = PBXFileReference; lastKnownFileType = file; path = "Nunito-ExtraBold.ttf"; sourceTree = "<group>"; };
		D1D753B52B72924E00ADF274 /* Nunito-Medium.ttf */ = {isa = PBXFileReference; lastKnownFileType = file; path = "Nunito-Medium.ttf"; sourceTree = "<group>"; };
		D1D753B62B72924E00ADF274 /* Nunito-Bold.ttf */ = {isa = PBXFileReference; lastKnownFileType = file; path = "Nunito-Bold.ttf"; sourceTree = "<group>"; };
		D1D753BE2B73EE5B00ADF274 /* LoginVM.swift */ = {isa = PBXFileReference; lastKnownFileType = sourcecode.swift; path = LoginVM.swift; sourceTree = "<group>"; };
		D1D753CD2B73F2BE00ADF274 /* AuthService.swift */ = {isa = PBXFileReference; lastKnownFileType = sourcecode.swift; path = AuthService.swift; sourceTree = "<group>"; };
		D1D753CF2B73F2FF00ADF274 /* RegisterUserRequest.swift */ = {isa = PBXFileReference; lastKnownFileType = sourcecode.swift; path = RegisterUserRequest.swift; sourceTree = "<group>"; };
		D1D753D32B73F68D00ADF274 /* RegisterController.swift */ = {isa = PBXFileReference; lastKnownFileType = sourcecode.swift; path = RegisterController.swift; sourceTree = "<group>"; };
		D1D753D52B73F77300ADF274 /* AuthHeaderView.swift */ = {isa = PBXFileReference; lastKnownFileType = sourcecode.swift; path = AuthHeaderView.swift; sourceTree = "<group>"; };
		D1D753D72B73FDFB00ADF274 /* RegisterVM.swift */ = {isa = PBXFileReference; lastKnownFileType = sourcecode.swift; path = RegisterVM.swift; sourceTree = "<group>"; };
		D1D753D92B74297700ADF274 /* CustomCircleButton.swift */ = {isa = PBXFileReference; lastKnownFileType = sourcecode.swift; path = CustomCircleButton.swift; sourceTree = "<group>"; };
		D1D753E02B76637F00ADF274 /* GoogleService-Info.plist */ = {isa = PBXFileReference; fileEncoding = 4; lastKnownFileType = text.plist.xml; path = "GoogleService-Info.plist"; sourceTree = "<group>"; };
		D1D753E22B766F8F00ADF274 /* CustomImageAuthButton.swift */ = {isa = PBXFileReference; lastKnownFileType = sourcecode.swift; path = CustomImageAuthButton.swift; sourceTree = "<group>"; };
		D1D753E52B76750100ADF274 /* UIImage+CGSize.swift */ = {isa = PBXFileReference; lastKnownFileType = sourcecode.swift; path = "UIImage+CGSize.swift"; sourceTree = "<group>"; };
		D1D753E72B7689FD00ADF274 /* MenuController.swift */ = {isa = PBXFileReference; lastKnownFileType = sourcecode.swift; path = MenuController.swift; sourceTree = "<group>"; };
		D1D753F52B79526F00ADF274 /* UINavigationController+Ext.swift */ = {isa = PBXFileReference; lastKnownFileType = sourcecode.swift; path = "UINavigationController+Ext.swift"; sourceTree = "<group>"; };
		D1D754012B795BD900ADF274 /* AppCoordinator.swift */ = {isa = PBXFileReference; lastKnownFileType = sourcecode.swift; path = AppCoordinator.swift; sourceTree = "<group>"; };
		D1D754032B795BF300ADF274 /* LaunchInstructor.swift */ = {isa = PBXFileReference; lastKnownFileType = sourcecode.swift; path = LaunchInstructor.swift; sourceTree = "<group>"; };
		D1D754052B795C0500ADF274 /* CoordinatorProtocol.swift */ = {isa = PBXFileReference; lastKnownFileType = sourcecode.swift; path = CoordinatorProtocol.swift; sourceTree = "<group>"; };
		D1D754082B79708600ADF274 /* ParentCoordinatorProtocol+Ex.swift */ = {isa = PBXFileReference; lastKnownFileType = sourcecode.swift; path = "ParentCoordinatorProtocol+Ex.swift"; sourceTree = "<group>"; };
		D1D7540D2B7972BF00ADF274 /* EntryCoordinator.swift */ = {isa = PBXFileReference; lastKnownFileType = sourcecode.swift; path = EntryCoordinator.swift; sourceTree = "<group>"; };
		D1D7540F2B79736D00ADF274 /* ChildrenCoordinatorProtocool.swift */ = {isa = PBXFileReference; lastKnownFileType = sourcecode.swift; path = ChildrenCoordinatorProtocool.swift; sourceTree = "<group>"; };
		D1D754112B79753600ADF274 /* AuthCoordinator+Ext.swift */ = {isa = PBXFileReference; lastKnownFileType = sourcecode.swift; path = "AuthCoordinator+Ext.swift"; sourceTree = "<group>"; };
		D1D754132B7975BA00ADF274 /* LoginCoordinator.swift */ = {isa = PBXFileReference; lastKnownFileType = sourcecode.swift; path = LoginCoordinator.swift; sourceTree = "<group>"; };
		D1D754152B7976EE00ADF274 /* RegisterCoordinator.swift */ = {isa = PBXFileReference; lastKnownFileType = sourcecode.swift; path = RegisterCoordinator.swift; sourceTree = "<group>"; };
		D1D754172B79781E00ADF274 /* AppCoordinator+Ext.swift */ = {isa = PBXFileReference; lastKnownFileType = sourcecode.swift; path = "AppCoordinator+Ext.swift"; sourceTree = "<group>"; };
		D1D754192B7979A100ADF274 /* AuthCoordinator.swift */ = {isa = PBXFileReference; lastKnownFileType = sourcecode.swift; path = AuthCoordinator.swift; sourceTree = "<group>"; };
		D1D7541B2B7A518D00ADF274 /* ConsoleLogger.swift */ = {isa = PBXFileReference; lastKnownFileType = sourcecode.swift; path = ConsoleLogger.swift; sourceTree = "<group>"; };
		D1D7541D2B7A69C300ADF274 /* String+Ext.swift */ = {isa = PBXFileReference; lastKnownFileType = sourcecode.swift; path = "String+Ext.swift"; sourceTree = "<group>"; };
		D1D7541F2B7A69EE00ADF274 /* TextFieldValidation.swift */ = {isa = PBXFileReference; lastKnownFileType = sourcecode.swift; path = TextFieldValidation.swift; sourceTree = "<group>"; };
		D1D754212B7A6A9300ADF274 /* UITextField+Ext.swift */ = {isa = PBXFileReference; lastKnownFileType = sourcecode.swift; path = "UITextField+Ext.swift"; sourceTree = "<group>"; };
		D1D754232B7A8CFD00ADF274 /* LoginController+UITextFieldDelegate.swift */ = {isa = PBXFileReference; lastKnownFileType = sourcecode.swift; path = "LoginController+UITextFieldDelegate.swift"; sourceTree = "<group>"; };
		D1D754252B7A8D2F00ADF274 /* RegisterController+UITextFieldDelegate.swift */ = {isa = PBXFileReference; lastKnownFileType = sourcecode.swift; path = "RegisterController+UITextFieldDelegate.swift"; sourceTree = "<group>"; };
		D1D7542A2B7AA7B100ADF274 /* ValidateProtocol+Ext.swift */ = {isa = PBXFileReference; lastKnownFileType = sourcecode.swift; path = "ValidateProtocol+Ext.swift"; sourceTree = "<group>"; };
		D1D754302B7BFD9000ADF274 /* CustomErrorLabelView.swift */ = {isa = PBXFileReference; lastKnownFileType = sourcecode.swift; path = CustomErrorLabelView.swift; sourceTree = "<group>"; };
		D1E687D82B93F78D006BD6CD /* RegisterController+NotificationCenter.swift */ = {isa = PBXFileReference; lastKnownFileType = sourcecode.swift; path = "RegisterController+NotificationCenter.swift"; sourceTree = "<group>"; };
		D1F5874B2B927C320072CFAA /* RegisterProfImageCoordinator.swift */ = {isa = PBXFileReference; lastKnownFileType = sourcecode.swift; path = RegisterProfImageCoordinator.swift; sourceTree = "<group>"; };
		D1F5874D2B927CAE0072CFAA /* RegisterProfImageVM.swift */ = {isa = PBXFileReference; lastKnownFileType = sourcecode.swift; path = RegisterProfImageVM.swift; sourceTree = "<group>"; };
		D1F5874F2B927CE10072CFAA /* RegisterProfImageController.swift */ = {isa = PBXFileReference; lastKnownFileType = sourcecode.swift; path = RegisterProfImageController.swift; sourceTree = "<group>"; };
		D1F587512B927EAF0072CFAA /* CropImageCoordinator.swift */ = {isa = PBXFileReference; lastKnownFileType = sourcecode.swift; path = CropImageCoordinator.swift; sourceTree = "<group>"; };
		D1F587572B9281120072CFAA /* CropImageVM.swift */ = {isa = PBXFileReference; lastKnownFileType = sourcecode.swift; path = CropImageVM.swift; sourceTree = "<group>"; };
		D1F587592B928B0B0072CFAA /* RegisterProfImage+Extension.swift */ = {isa = PBXFileReference; lastKnownFileType = sourcecode.swift; path = "RegisterProfImage+Extension.swift"; sourceTree = "<group>"; };
/* End PBXFileReference section */

/* Begin PBXFrameworksBuildPhase section */
		D17807592B6AB0FA003B84F7 /* Frameworks */ = {
			isa = PBXFrameworksBuildPhase;
			buildActionMask = 2147483647;
			files = (
				D1D753DF2B7662D500ADF274 /* GoogleSignInSwift in Frameworks */,
				D1D753C82B73F0A700ADF274 /* FirebaseDatabase in Frameworks */,
				D19D6F332B8BBA1800E2B907 /* TOCropViewController in Frameworks */,
				D1D753DD2B7662D500ADF274 /* GoogleSignIn in Frameworks */,
				D1D753C62B73F0A700ADF274 /* FirebaseAuth in Frameworks */,
				D1D753CA2B73F0A700ADF274 /* FirebaseFirestore in Frameworks */,
				D19D6F312B8BBA1800E2B907 /* CropViewController in Frameworks */,
			);
			runOnlyForDeploymentPostprocessing = 0;
		};
		D178076F2B6AB0FB003B84F7 /* Frameworks */ = {
			isa = PBXFrameworksBuildPhase;
			buildActionMask = 2147483647;
			files = (
			);
			runOnlyForDeploymentPostprocessing = 0;
		};
		D17807792B6AB0FB003B84F7 /* Frameworks */ = {
			isa = PBXFrameworksBuildPhase;
			buildActionMask = 2147483647;
			files = (
			);
			runOnlyForDeploymentPostprocessing = 0;
		};
/* End PBXFrameworksBuildPhase section */

/* Begin PBXGroup section */
		D100BB632BA0BCAB0048330C /* Animation */ = {
			isa = PBXGroup;
			children = (
				D167422E2B95266D00730962 /* CustomAnimatedMessageLabel.swift */,
				D100BB612BA0BA460048330C /* CustomAnimatedMessageWithButtons.swift */,
			);
			path = Animation;
			sourceTree = "<group>";
		};
		D12AE7DD2B7E7A89004511B5 /* Home */ = {
			isa = PBXGroup;
			children = (
				D12AE7DE2B7E7A9D004511B5 /* HomeCoordinator.swift */,
				D12AE7E02B7E7B0E004511B5 /* HomeCoordinator+Ext.swift */,
				D12AE7E22B7E7B74004511B5 /* MenuCoordiantor.swift */,
				D1332AE02B8515B700F34C51 /* SearchFriendsCoordinator.swift */,
				D1332AE22B85267300F34C51 /* ProfileCoordinator.swift */,
			);
			path = Home;
			sourceTree = "<group>";
		};
		D1332ADD2B850C7D00F34C51 /* CollectionViewCells */ = {
			isa = PBXGroup;
			children = (
				D199BE562B810A7E000EBA02 /* FriendCellView.swift */,
				D199BE5A2B81289A000EBA02 /* HistoryCellView.swift */,
				D1332AE92B855CE600F34C51 /* UserSearchCellView.swift */,
				D100BB5D2B9F90C10048330C /* RecievedCellView.swift */,
			);
			path = CollectionViewCells;
			sourceTree = "<group>";
		};
		D1332AE42B85285A00F34C51 /* DataBaseManager */ = {
			isa = PBXGroup;
			children = (
				D1332AE52B85286800F34C51 /* DataBaseManager.swift */,
			);
			path = DataBaseManager;
			sourceTree = "<group>";
		};
		D167422D2B94AAAF00730962 /* Login */ = {
			isa = PBXGroup;
			children = (
				D1D753902B7265EF00ADF274 /* LoginController.swift */,
				D167422B2B94A6B100730962 /* LoginController+NotificationCenter.swift */,
				D1D754232B7A8CFD00ADF274 /* LoginController+UITextFieldDelegate.swift */,
			);
			path = Login;
			sourceTree = "<group>";
		};
		D16742302B95275C00730962 /* Entry */ = {
			isa = PBXGroup;
			children = (
				D1D753962B726A6900ADF274 /* EntryController.swift */,
			);
			path = Entry;
			sourceTree = "<group>";
		};
		D17807532B6AB0FA003B84F7 = {
			isa = PBXGroup;
			children = (
				D178075E2B6AB0FA003B84F7 /* ChoiceOfTwo */,
				D17807752B6AB0FB003B84F7 /* ChoiceOfTwoTests */,
				D178077F2B6AB0FB003B84F7 /* ChoiceOfTwoUITests */,
				D178075D2B6AB0FA003B84F7 /* Products */,
			);
			sourceTree = "<group>";
		};
		D178075D2B6AB0FA003B84F7 /* Products */ = {
			isa = PBXGroup;
			children = (
				D178075C2B6AB0FA003B84F7 /* ChoiceOfTwo.app */,
				D17807722B6AB0FB003B84F7 /* ChoiceOfTwoTests.xctest */,
				D178077C2B6AB0FB003B84F7 /* ChoiceOfTwoUITests.xctest */,
			);
			name = Products;
			sourceTree = "<group>";
		};
		D178075E2B6AB0FA003B84F7 /* ChoiceOfTwo */ = {
			isa = PBXGroup;
			children = (
				D178076D2B6AB0FB003B84F7 /* Info.plist */,
				D1D753A12B728A9E00ADF274 /* Fonts */,
				D1D753E42B7674EE00ADF274 /* Extensions */,
				D17807912B6AB126003B84F7 /* Model */,
				D17807922B6AB12C003B84F7 /* Views */,
				D1D7538E2B7264C400ADF274 /* ViewModel */,
				D17807902B6AB11F003B84F7 /* Controllers */,
				D1D754002B795BC600ADF274 /* Coordinators */,
				D1332AE42B85285A00F34C51 /* DataBaseManager */,
				D1D753CC2B73F2B000ADF274 /* AuthService */,
				D178078F2B6AB10B003B84F7 /* Supporting */,
				D1D7541B2B7A518D00ADF274 /* ConsoleLogger.swift */,
			);
			path = ChoiceOfTwo;
			sourceTree = "<group>";
		};
		D17807752B6AB0FB003B84F7 /* ChoiceOfTwoTests */ = {
			isa = PBXGroup;
			children = (
				D17807762B6AB0FB003B84F7 /* ChoiceOfTwoTests.swift */,
			);
			path = ChoiceOfTwoTests;
			sourceTree = "<group>";
		};
		D178077F2B6AB0FB003B84F7 /* ChoiceOfTwoUITests */ = {
			isa = PBXGroup;
			children = (
				D17807802B6AB0FB003B84F7 /* ChoiceOfTwoUITests.swift */,
				D17807822B6AB0FB003B84F7 /* ChoiceOfTwoUITestsLaunchTests.swift */,
			);
			path = ChoiceOfTwoUITests;
			sourceTree = "<group>";
		};
		D178078F2B6AB10B003B84F7 /* Supporting */ = {
			isa = PBXGroup;
			children = (
				D1D753E02B76637F00ADF274 /* GoogleService-Info.plist */,
				D178075F2B6AB0FA003B84F7 /* AppDelegate.swift */,
				D17807612B6AB0FA003B84F7 /* SceneDelegate.swift */,
				D17807682B6AB0FB003B84F7 /* Assets.xcassets */,
				D178076A2B6AB0FB003B84F7 /* LaunchScreen.storyboard */,
			);
			path = Supporting;
			sourceTree = "<group>";
		};
		D17807902B6AB11F003B84F7 /* Controllers */ = {
			isa = PBXGroup;
			children = (
				D1F587552B927F350072CFAA /* Other */,
				D199BE692B829FC3000EBA02 /* Menu */,
				D199BE682B829FB8000EBA02 /* Auth */,
				D1F587542B927F190072CFAA /* Test */,
			);
			path = Controllers;
			sourceTree = "<group>";
		};
		D17807912B6AB126003B84F7 /* Model */ = {
			isa = PBXGroup;
			children = (
				D1D7542D2B7BE94500ADF274 /* Protocol */,
				D1D753CF2B73F2FF00ADF274 /* RegisterUserRequest.swift */,
				D1D7541F2B7A69EE00ADF274 /* TextFieldValidation.swift */,
				D1332AE72B852C8400F34C51 /* UserModel.swift */,
			);
			path = Model;
			sourceTree = "<group>";
		};
		D17807922B6AB12C003B84F7 /* Views */ = {
			isa = PBXGroup;
			children = (
				D100BB632BA0BCAB0048330C /* Animation */,
				D1332ADD2B850C7D00F34C51 /* CollectionViewCells */,
				D1D753942B72677C00ADF274 /* CustomTextField.swift */,
				D1D753982B726AE200ADF274 /* CustomButton.swift */,
				D1D753D52B73F77300ADF274 /* AuthHeaderView.swift */,
				D1D753D92B74297700ADF274 /* CustomCircleButton.swift */,
				D1D753E22B766F8F00ADF274 /* CustomImageAuthButton.swift */,
				D1D754302B7BFD9000ADF274 /* CustomErrorLabelView.swift */,
				D199BE502B7FD7BE000EBA02 /* CustomSectionHeaderView.swift */,
				D199BE522B80F364000EBA02 /* friendProfileImageButton.swift */,
				D199BE582B81267D000EBA02 /* Devider.swift */,
				D199BE5C2B81293C000EBA02 /* SkeletonHistoryCard.swift */,
				D199BE662B829809000EBA02 /* CustomTabBar.swift */,
				D100BB5F2BA09B1C0048330C /* InteractFriendView.swift */,
			);
			path = Views;
			sourceTree = "<group>";
		};
		D199BE682B829FB8000EBA02 /* Auth */ = {
			isa = PBXGroup;
			children = (
				D16742302B95275C00730962 /* Entry */,
				D167422D2B94AAAF00730962 /* Login */,
				D1E687DB2B93F8C0006BD6CD /* RegisterProfileImage */,
				D1E687DA2B93F89E006BD6CD /* Register */,
			);
			path = Auth;
			sourceTree = "<group>";
		};
		D199BE692B829FC3000EBA02 /* Menu */ = {
			isa = PBXGroup;
			children = (
				D1D753E72B7689FD00ADF274 /* MenuController.swift */,
				D199BE542B8102AA000EBA02 /* MenuController+UICollectionView.swift */,
				D199BE622B824C8F000EBA02 /* ProfileController.swift */,
				D1332ADB2B84D0CD00F34C51 /* SearchFriendsController.swift */,
				D1332AEB2B855D7700F34C51 /* SearchFriendsController+UICollectionView.swift */,
				D12CC0BC2B866D8800B141E8 /* SearchFriendsController+UITextFIeldDelegate.swift */,
				D19D6F272B8B866100E2B907 /* SearchFriendsController+ScrollViewDelegate.swift */,
			);
			path = Menu;
			sourceTree = "<group>";
		};
		D1D7538E2B7264C400ADF274 /* ViewModel */ = {
			isa = PBXGroup;
			children = (
				D1F587562B9281090072CFAA /* Other */,
				D1D9A3B32B86AE5B00D8DE25 /* Menu */,
				D1D9A3B22B86AE4A00D8DE25 /* Auth */,
			);
			path = ViewModel;
			sourceTree = "<group>";
		};
		D1D753A12B728A9E00ADF274 /* Fonts */ = {
			isa = PBXGroup;
			children = (
				D1D753B62B72924E00ADF274 /* Nunito-Bold.ttf */,
				D1D753B42B72924E00ADF274 /* Nunito-ExtraBold.ttf */,
				D1D753B22B72924E00ADF274 /* Nunito-ExtraLight.ttf */,
				D1D753B02B72924E00ADF274 /* Nunito-Light.ttf */,
				D1D753B52B72924E00ADF274 /* Nunito-Medium.ttf */,
				D1D753B12B72924E00ADF274 /* Nunito-Regular.ttf */,
				D1D753B32B72924E00ADF274 /* Nunito-SemiBold.ttf */,
				D1D753AE2B728CCD00ADF274 /* Font+Extension.swift */,
			);
			path = Fonts;
			sourceTree = "<group>";
		};
		D1D753CC2B73F2B000ADF274 /* AuthService */ = {
			isa = PBXGroup;
			children = (
				D1D753CD2B73F2BE00ADF274 /* AuthService.swift */,
			);
			path = AuthService;
			sourceTree = "<group>";
		};
		D1D753E42B7674EE00ADF274 /* Extensions */ = {
			isa = PBXGroup;
			children = (
				D1D753E52B76750100ADF274 /* UIImage+CGSize.swift */,
				D1D753F52B79526F00ADF274 /* UINavigationController+Ext.swift */,
				D1D7541D2B7A69C300ADF274 /* String+Ext.swift */,
				D1D754212B7A6A9300ADF274 /* UITextField+Ext.swift */,
				D19D6F292B8B8CF700E2B907 /* UIScrollView+Extension.swift */,
				D19D6F2B2B8BA9C300E2B907 /* UICollectionView+UICollectionViewFlowLayout.swift */,
				D19D6F382B8D029800E2B907 /* UIImageView+Extension.swift */,
			);
			path = Extensions;
			sourceTree = "<group>";
		};
		D1D754002B795BC600ADF274 /* Coordinators */ = {
			isa = PBXGroup;
			children = (
				D1F587532B927EE80072CFAA /* Other */,
				D12AE7DD2B7E7A89004511B5 /* Home */,
				D1D7540C2B7972A000ADF274 /* Auth */,
				D1D7540B2B79726300ADF274 /* Instructor */,
				D1D7540A2B79725900ADF274 /* Main */,
				D1D754072B795C3400ADF274 /* Protocol */,
			);
			path = Coordinators;
			sourceTree = "<group>";
		};
		D1D754072B795C3400ADF274 /* Protocol */ = {
			isa = PBXGroup;
			children = (
				D1D754052B795C0500ADF274 /* CoordinatorProtocol.swift */,
				D1D754082B79708600ADF274 /* ParentCoordinatorProtocol+Ex.swift */,
				D1D7540F2B79736D00ADF274 /* ChildrenCoordinatorProtocool.swift */,
			);
			path = Protocol;
			sourceTree = "<group>";
		};
		D1D7540A2B79725900ADF274 /* Main */ = {
			isa = PBXGroup;
			children = (
				D1D754012B795BD900ADF274 /* AppCoordinator.swift */,
				D1D754172B79781E00ADF274 /* AppCoordinator+Ext.swift */,
			);
			path = Main;
			sourceTree = "<group>";
		};
		D1D7540B2B79726300ADF274 /* Instructor */ = {
			isa = PBXGroup;
			children = (
				D1D754032B795BF300ADF274 /* LaunchInstructor.swift */,
			);
			path = Instructor;
			sourceTree = "<group>";
		};
		D1D7540C2B7972A000ADF274 /* Auth */ = {
			isa = PBXGroup;
			children = (
				D1D754192B7979A100ADF274 /* AuthCoordinator.swift */,
				D1D754112B79753600ADF274 /* AuthCoordinator+Ext.swift */,
				D1D7540D2B7972BF00ADF274 /* EntryCoordinator.swift */,
				D1D754132B7975BA00ADF274 /* LoginCoordinator.swift */,
				D1D754152B7976EE00ADF274 /* RegisterCoordinator.swift */,
				D1F5874B2B927C320072CFAA /* RegisterProfImageCoordinator.swift */,
			);
			path = Auth;
			sourceTree = "<group>";
		};
		D1D7542D2B7BE94500ADF274 /* Protocol */ = {
			isa = PBXGroup;
			children = (
				D1D7542A2B7AA7B100ADF274 /* ValidateProtocol+Ext.swift */,
			);
			path = Protocol;
			sourceTree = "<group>";
		};
		D1D9A3B22B86AE4A00D8DE25 /* Auth */ = {
			isa = PBXGroup;
			children = (
				D1D7539F2B72856800ADF274 /* EntryVM.swift */,
				D1D753BE2B73EE5B00ADF274 /* LoginVM.swift */,
				D1D753D72B73FDFB00ADF274 /* RegisterVM.swift */,
				D19D6F342B8BBB9900E2B907 /* ChooseProfPictureVM.swift */,
				D1F5874D2B927CAE0072CFAA /* RegisterProfImageVM.swift */,
			);
			path = Auth;
			sourceTree = "<group>";
		};
		D1D9A3B32B86AE5B00D8DE25 /* Menu */ = {
			isa = PBXGroup;
			children = (
				D12AE7E42B7E7C0F004511B5 /* MenuVM.swift */,
				D199BE642B824CD1000EBA02 /* ProfileVM.swift */,
				D1332ADE2B8514E000F34C51 /* SearchFriendsVM.swift */,
			);
			path = Menu;
			sourceTree = "<group>";
		};
		D1E687DA2B93F89E006BD6CD /* Register */ = {
			isa = PBXGroup;
			children = (
				D1D753D32B73F68D00ADF274 /* RegisterController.swift */,
				D1E687D82B93F78D006BD6CD /* RegisterController+NotificationCenter.swift */,
				D1D754252B7A8D2F00ADF274 /* RegisterController+UITextFieldDelegate.swift */,
			);
			path = Register;
			sourceTree = "<group>";
		};
		D1E687DB2B93F8C0006BD6CD /* RegisterProfileImage */ = {
			isa = PBXGroup;
			children = (
				D1F5874F2B927CE10072CFAA /* RegisterProfImageController.swift */,
				D1F587592B928B0B0072CFAA /* RegisterProfImage+Extension.swift */,
			);
			path = RegisterProfileImage;
			sourceTree = "<group>";
		};
		D1F587532B927EE80072CFAA /* Other */ = {
			isa = PBXGroup;
			children = (
				D1F587512B927EAF0072CFAA /* CropImageCoordinator.swift */,
			);
			path = Other;
			sourceTree = "<group>";
		};
		D1F587542B927F190072CFAA /* Test */ = {
			isa = PBXGroup;
			children = (
				D19D6F362B8BCC3F00E2B907 /* CropImageController.swift */,
				D19D6F2D2B8BB97700E2B907 /* ChooseProfPictureController.swift */,
			);
			path = Test;
			sourceTree = "<group>";
		};
		D1F587552B927F350072CFAA /* Other */ = {
			isa = PBXGroup;
			children = (
				D11A8B762B8FD96D006ED938 /* FinalCropImageController.swift */,
			);
			path = Other;
			sourceTree = "<group>";
		};
		D1F587562B9281090072CFAA /* Other */ = {
			isa = PBXGroup;
			children = (
				D1F587572B9281120072CFAA /* CropImageVM.swift */,
			);
			path = Other;
			sourceTree = "<group>";
		};
/* End PBXGroup section */

/* Begin PBXNativeTarget section */
		D178075B2B6AB0FA003B84F7 /* ChoiceOfTwo */ = {
			isa = PBXNativeTarget;
			buildConfigurationList = D17807862B6AB0FB003B84F7 /* Build configuration list for PBXNativeTarget "ChoiceOfTwo" */;
			buildPhases = (
				D17807582B6AB0FA003B84F7 /* Sources */,
				D17807592B6AB0FA003B84F7 /* Frameworks */,
				D178075A2B6AB0FA003B84F7 /* Resources */,
			);
			buildRules = (
			);
			dependencies = (
			);
			name = ChoiceOfTwo;
			packageProductDependencies = (
				D1D753C52B73F0A700ADF274 /* FirebaseAuth */,
				D1D753C72B73F0A700ADF274 /* FirebaseDatabase */,
				D1D753C92B73F0A700ADF274 /* FirebaseFirestore */,
				D1D753DC2B7662D500ADF274 /* GoogleSignIn */,
				D1D753DE2B7662D500ADF274 /* GoogleSignInSwift */,
				D19D6F302B8BBA1800E2B907 /* CropViewController */,
				D19D6F322B8BBA1800E2B907 /* TOCropViewController */,
			);
			productName = ChoiceOfTwo;
			productReference = D178075C2B6AB0FA003B84F7 /* ChoiceOfTwo.app */;
			productType = "com.apple.product-type.application";
		};
		D17807712B6AB0FB003B84F7 /* ChoiceOfTwoTests */ = {
			isa = PBXNativeTarget;
			buildConfigurationList = D17807892B6AB0FB003B84F7 /* Build configuration list for PBXNativeTarget "ChoiceOfTwoTests" */;
			buildPhases = (
				D178076E2B6AB0FB003B84F7 /* Sources */,
				D178076F2B6AB0FB003B84F7 /* Frameworks */,
				D17807702B6AB0FB003B84F7 /* Resources */,
			);
			buildRules = (
			);
			dependencies = (
				D17807742B6AB0FB003B84F7 /* PBXTargetDependency */,
			);
			name = ChoiceOfTwoTests;
			productName = ChoiceOfTwoTests;
			productReference = D17807722B6AB0FB003B84F7 /* ChoiceOfTwoTests.xctest */;
			productType = "com.apple.product-type.bundle.unit-test";
		};
		D178077B2B6AB0FB003B84F7 /* ChoiceOfTwoUITests */ = {
			isa = PBXNativeTarget;
			buildConfigurationList = D178078C2B6AB0FB003B84F7 /* Build configuration list for PBXNativeTarget "ChoiceOfTwoUITests" */;
			buildPhases = (
				D17807782B6AB0FB003B84F7 /* Sources */,
				D17807792B6AB0FB003B84F7 /* Frameworks */,
				D178077A2B6AB0FB003B84F7 /* Resources */,
			);
			buildRules = (
			);
			dependencies = (
				D178077E2B6AB0FB003B84F7 /* PBXTargetDependency */,
			);
			name = ChoiceOfTwoUITests;
			productName = ChoiceOfTwoUITests;
			productReference = D178077C2B6AB0FB003B84F7 /* ChoiceOfTwoUITests.xctest */;
			productType = "com.apple.product-type.bundle.ui-testing";
		};
/* End PBXNativeTarget section */

/* Begin PBXProject section */
		D17807542B6AB0FA003B84F7 /* Project object */ = {
			isa = PBXProject;
			attributes = {
				BuildIndependentTargetsInParallel = 1;
				LastSwiftUpdateCheck = 1500;
				LastUpgradeCheck = 1500;
				TargetAttributes = {
					D178075B2B6AB0FA003B84F7 = {
						CreatedOnToolsVersion = 15.0.1;
					};
					D17807712B6AB0FB003B84F7 = {
						CreatedOnToolsVersion = 15.0.1;
						TestTargetID = D178075B2B6AB0FA003B84F7;
					};
					D178077B2B6AB0FB003B84F7 = {
						CreatedOnToolsVersion = 15.0.1;
						TestTargetID = D178075B2B6AB0FA003B84F7;
					};
				};
			};
			buildConfigurationList = D17807572B6AB0FA003B84F7 /* Build configuration list for PBXProject "ChoiceOfTwo" */;
			compatibilityVersion = "Xcode 14.0";
			developmentRegion = en;
			hasScannedForEncodings = 0;
			knownRegions = (
				en,
				Base,
			);
			mainGroup = D17807532B6AB0FA003B84F7;
			packageReferences = (
				D1D753C42B73F0A700ADF274 /* XCRemoteSwiftPackageReference "firebase-ios-sdk" */,
				D1D753DB2B7662D500ADF274 /* XCRemoteSwiftPackageReference "GoogleSignIn-iOS" */,
				D19D6F2F2B8BBA1800E2B907 /* XCRemoteSwiftPackageReference "TOCropViewController" */,
			);
			productRefGroup = D178075D2B6AB0FA003B84F7 /* Products */;
			projectDirPath = "";
			projectRoot = "";
			targets = (
				D178075B2B6AB0FA003B84F7 /* ChoiceOfTwo */,
				D17807712B6AB0FB003B84F7 /* ChoiceOfTwoTests */,
				D178077B2B6AB0FB003B84F7 /* ChoiceOfTwoUITests */,
			);
		};
/* End PBXProject section */

/* Begin PBXResourcesBuildPhase section */
		D178075A2B6AB0FA003B84F7 /* Resources */ = {
			isa = PBXResourcesBuildPhase;
			buildActionMask = 2147483647;
			files = (
				D1D753BC2B72924E00ADF274 /* Nunito-Medium.ttf in Resources */,
				D1D753E12B76637F00ADF274 /* GoogleService-Info.plist in Resources */,
				D1D753BA2B72924E00ADF274 /* Nunito-SemiBold.ttf in Resources */,
				D178076C2B6AB0FB003B84F7 /* LaunchScreen.storyboard in Resources */,
				D17807692B6AB0FB003B84F7 /* Assets.xcassets in Resources */,
				D1D753BD2B72924E00ADF274 /* Nunito-Bold.ttf in Resources */,
				D1D753B82B72924E00ADF274 /* Nunito-Regular.ttf in Resources */,
				D1D753B72B72924E00ADF274 /* Nunito-Light.ttf in Resources */,
				D1D753B92B72924E00ADF274 /* Nunito-ExtraLight.ttf in Resources */,
				D1D753BB2B72924E00ADF274 /* Nunito-ExtraBold.ttf in Resources */,
			);
			runOnlyForDeploymentPostprocessing = 0;
		};
		D17807702B6AB0FB003B84F7 /* Resources */ = {
			isa = PBXResourcesBuildPhase;
			buildActionMask = 2147483647;
			files = (
			);
			runOnlyForDeploymentPostprocessing = 0;
		};
		D178077A2B6AB0FB003B84F7 /* Resources */ = {
			isa = PBXResourcesBuildPhase;
			buildActionMask = 2147483647;
			files = (
			);
			runOnlyForDeploymentPostprocessing = 0;
		};
/* End PBXResourcesBuildPhase section */

/* Begin PBXSourcesBuildPhase section */
		D17807582B6AB0FA003B84F7 /* Sources */ = {
			isa = PBXSourcesBuildPhase;
			buildActionMask = 2147483647;
			files = (
				D17807602B6AB0FA003B84F7 /* AppDelegate.swift in Sources */,
				D199BE512B7FD7BE000EBA02 /* CustomSectionHeaderView.swift in Sources */,
				D1D7541C2B7A518D00ADF274 /* ConsoleLogger.swift in Sources */,
				D1D754102B79736D00ADF274 /* ChildrenCoordinatorProtocool.swift in Sources */,
				D1332AE62B85286800F34C51 /* DataBaseManager.swift in Sources */,
				D199BE672B829809000EBA02 /* CustomTabBar.swift in Sources */,
				D1D754162B7976EE00ADF274 /* RegisterCoordinator.swift in Sources */,
				D1D754142B7975BA00ADF274 /* LoginCoordinator.swift in Sources */,
				D100BB5E2B9F90C10048330C /* RecievedCellView.swift in Sources */,
				D1D753F62B79526F00ADF274 /* UINavigationController+Ext.swift in Sources */,
				D1D754242B7A8CFD00ADF274 /* LoginController+UITextFieldDelegate.swift in Sources */,
				D1D753E82B7689FD00ADF274 /* MenuController.swift in Sources */,
				D1D754182B79781E00ADF274 /* AppCoordinator+Ext.swift in Sources */,
				D1D754262B7A8D2F00ADF274 /* RegisterController+UITextFieldDelegate.swift in Sources */,
				D1D753AF2B728CCD00ADF274 /* Font+Extension.swift in Sources */,
				D1332AE32B85267300F34C51 /* ProfileCoordinator.swift in Sources */,
				D1332AEA2B855CE600F34C51 /* UserSearchCellView.swift in Sources */,
				D1D753E62B76750100ADF274 /* UIImage+CGSize.swift in Sources */,
				D1F587522B927EAF0072CFAA /* CropImageCoordinator.swift in Sources */,
				D1D7540E2B7972BF00ADF274 /* EntryCoordinator.swift in Sources */,
				D1D753972B726A6900ADF274 /* EntryController.swift in Sources */,
				D199BE5B2B81289A000EBA02 /* HistoryCellView.swift in Sources */,
				D12AE7E12B7E7B0E004511B5 /* HomeCoordinator+Ext.swift in Sources */,
				D1F587502B927CE10072CFAA /* RegisterProfImageController.swift in Sources */,
				D199BE572B810A7E000EBA02 /* FriendCellView.swift in Sources */,
				D1D754022B795BD900ADF274 /* AppCoordinator.swift in Sources */,
				D1D753952B72677C00ADF274 /* CustomTextField.swift in Sources */,
				D1D753D42B73F68D00ADF274 /* RegisterController.swift in Sources */,
				D199BE532B80F364000EBA02 /* friendProfileImageButton.swift in Sources */,
				D19D6F2C2B8BA9C300E2B907 /* UICollectionView+UICollectionViewFlowLayout.swift in Sources */,
				D19D6F392B8D029800E2B907 /* UIImageView+Extension.swift in Sources */,
				D1332AE12B8515B700F34C51 /* SearchFriendsCoordinator.swift in Sources */,
				D1D753D62B73F77300ADF274 /* AuthHeaderView.swift in Sources */,
				D1D753A02B72856800ADF274 /* EntryVM.swift in Sources */,
				D12CC0BD2B866D8800B141E8 /* SearchFriendsController+UITextFIeldDelegate.swift in Sources */,
				D1D753CE2B73F2BE00ADF274 /* AuthService.swift in Sources */,
				D19D6F282B8B866100E2B907 /* SearchFriendsController+ScrollViewDelegate.swift in Sources */,
				D100BB622BA0BA460048330C /* CustomAnimatedMessageWithButtons.swift in Sources */,
				D199BE5D2B81293C000EBA02 /* SkeletonHistoryCard.swift in Sources */,
				D1F5874C2B927C320072CFAA /* RegisterProfImageCoordinator.swift in Sources */,
				D19D6F352B8BBB9900E2B907 /* ChooseProfPictureVM.swift in Sources */,
				D19D6F2A2B8B8CF700E2B907 /* UIScrollView+Extension.swift in Sources */,
				D1D753992B726AE200ADF274 /* CustomButton.swift in Sources */,
				D1D7542B2B7AA7B100ADF274 /* ValidateProtocol+Ext.swift in Sources */,
				D1332AEC2B855D7700F34C51 /* SearchFriendsController+UICollectionView.swift in Sources */,
				D1332ADF2B8514E000F34C51 /* SearchFriendsVM.swift in Sources */,
				D1F587582B9281120072CFAA /* CropImageVM.swift in Sources */,
				D1D754312B7BFD9000ADF274 /* CustomErrorLabelView.swift in Sources */,
				D199BE592B81267D000EBA02 /* Devider.swift in Sources */,
				D199BE632B824C8F000EBA02 /* ProfileController.swift in Sources */,
				D17807622B6AB0FA003B84F7 /* SceneDelegate.swift in Sources */,
				D1D753BF2B73EE5B00ADF274 /* LoginVM.swift in Sources */,
				D1D7541E2B7A69C300ADF274 /* String+Ext.swift in Sources */,
				D199BE652B824CD1000EBA02 /* ProfileVM.swift in Sources */,
				D1D753D82B73FDFB00ADF274 /* RegisterVM.swift in Sources */,
				D1D754062B795C0500ADF274 /* CoordinatorProtocol.swift in Sources */,
				D1D754092B79708600ADF274 /* ParentCoordinatorProtocol+Ex.swift in Sources */,
				D11A8B772B8FD96D006ED938 /* FinalCropImageController.swift in Sources */,
				D1D7541A2B7979A100ADF274 /* AuthCoordinator.swift in Sources */,
				D1D753E32B766F8F00ADF274 /* CustomImageAuthButton.swift in Sources */,
				D19D6F372B8BCC3F00E2B907 /* CropImageController.swift in Sources */,
				D1D754202B7A69EE00ADF274 /* TextFieldValidation.swift in Sources */,
				D167422C2B94A6B100730962 /* LoginController+NotificationCenter.swift in Sources */,
				D1332ADC2B84D0CD00F34C51 /* SearchFriendsController.swift in Sources */,
				D1F5875A2B928B0B0072CFAA /* RegisterProfImage+Extension.swift in Sources */,
				D100BB602BA09B1C0048330C /* InteractFriendView.swift in Sources */,
				D1D753DA2B74297700ADF274 /* CustomCircleButton.swift in Sources */,
				D1D754122B79753600ADF274 /* AuthCoordinator+Ext.swift in Sources */,
				D1D754222B7A6A9300ADF274 /* UITextField+Ext.swift in Sources */,
				D12AE7E52B7E7C0F004511B5 /* MenuVM.swift in Sources */,
				D1E687D92B93F78D006BD6CD /* RegisterController+NotificationCenter.swift in Sources */,
				D1D754042B795BF300ADF274 /* LaunchInstructor.swift in Sources */,
				D12AE7DF2B7E7A9D004511B5 /* HomeCoordinator.swift in Sources */,
				D1D753912B7265EF00ADF274 /* LoginController.swift in Sources */,
				D1D753D02B73F2FF00ADF274 /* RegisterUserRequest.swift in Sources */,
				D12AE7E32B7E7B74004511B5 /* MenuCoordiantor.swift in Sources */,
				D199BE552B8102AA000EBA02 /* MenuController+UICollectionView.swift in Sources */,
				D167422F2B95266D00730962 /* CustomAnimatedMessageLabel.swift in Sources */,
				D19D6F2E2B8BB97700E2B907 /* ChooseProfPictureController.swift in Sources */,
				D1332AE82B852C8400F34C51 /* UserModel.swift in Sources */,
				D1F5874E2B927CAE0072CFAA /* RegisterProfImageVM.swift in Sources */,
			);
			runOnlyForDeploymentPostprocessing = 0;
		};
		D178076E2B6AB0FB003B84F7 /* Sources */ = {
			isa = PBXSourcesBuildPhase;
			buildActionMask = 2147483647;
			files = (
				D17807772B6AB0FB003B84F7 /* ChoiceOfTwoTests.swift in Sources */,
			);
			runOnlyForDeploymentPostprocessing = 0;
		};
		D17807782B6AB0FB003B84F7 /* Sources */ = {
			isa = PBXSourcesBuildPhase;
			buildActionMask = 2147483647;
			files = (
				D17807812B6AB0FB003B84F7 /* ChoiceOfTwoUITests.swift in Sources */,
				D17807832B6AB0FB003B84F7 /* ChoiceOfTwoUITestsLaunchTests.swift in Sources */,
			);
			runOnlyForDeploymentPostprocessing = 0;
		};
/* End PBXSourcesBuildPhase section */

/* Begin PBXTargetDependency section */
		D17807742B6AB0FB003B84F7 /* PBXTargetDependency */ = {
			isa = PBXTargetDependency;
			target = D178075B2B6AB0FA003B84F7 /* ChoiceOfTwo */;
			targetProxy = D17807732B6AB0FB003B84F7 /* PBXContainerItemProxy */;
		};
		D178077E2B6AB0FB003B84F7 /* PBXTargetDependency */ = {
			isa = PBXTargetDependency;
			target = D178075B2B6AB0FA003B84F7 /* ChoiceOfTwo */;
			targetProxy = D178077D2B6AB0FB003B84F7 /* PBXContainerItemProxy */;
		};
/* End PBXTargetDependency section */

/* Begin PBXVariantGroup section */
		D178076A2B6AB0FB003B84F7 /* LaunchScreen.storyboard */ = {
			isa = PBXVariantGroup;
			children = (
				D178076B2B6AB0FB003B84F7 /* Base */,
			);
			name = LaunchScreen.storyboard;
			sourceTree = "<group>";
		};
/* End PBXVariantGroup section */

/* Begin XCBuildConfiguration section */
		D17807842B6AB0FB003B84F7 /* Debug */ = {
			isa = XCBuildConfiguration;
			buildSettings = {
				ALWAYS_SEARCH_USER_PATHS = NO;
				ASSETCATALOG_COMPILER_GENERATE_SWIFT_ASSET_SYMBOL_EXTENSIONS = YES;
				CLANG_ANALYZER_NONNULL = YES;
				CLANG_ANALYZER_NUMBER_OBJECT_CONVERSION = YES_AGGRESSIVE;
				CLANG_CXX_LANGUAGE_STANDARD = "gnu++20";
				CLANG_ENABLE_MODULES = YES;
				CLANG_ENABLE_OBJC_ARC = YES;
				CLANG_ENABLE_OBJC_WEAK = YES;
				CLANG_WARN_BLOCK_CAPTURE_AUTORELEASING = YES;
				CLANG_WARN_BOOL_CONVERSION = YES;
				CLANG_WARN_COMMA = YES;
				CLANG_WARN_CONSTANT_CONVERSION = YES;
				CLANG_WARN_DEPRECATED_OBJC_IMPLEMENTATIONS = YES;
				CLANG_WARN_DIRECT_OBJC_ISA_USAGE = YES_ERROR;
				CLANG_WARN_DOCUMENTATION_COMMENTS = YES;
				CLANG_WARN_EMPTY_BODY = YES;
				CLANG_WARN_ENUM_CONVERSION = YES;
				CLANG_WARN_INFINITE_RECURSION = YES;
				CLANG_WARN_INT_CONVERSION = YES;
				CLANG_WARN_NON_LITERAL_NULL_CONVERSION = YES;
				CLANG_WARN_OBJC_IMPLICIT_RETAIN_SELF = YES;
				CLANG_WARN_OBJC_LITERAL_CONVERSION = YES;
				CLANG_WARN_OBJC_ROOT_CLASS = YES_ERROR;
				CLANG_WARN_QUOTED_INCLUDE_IN_FRAMEWORK_HEADER = YES;
				CLANG_WARN_RANGE_LOOP_ANALYSIS = YES;
				CLANG_WARN_STRICT_PROTOTYPES = YES;
				CLANG_WARN_SUSPICIOUS_MOVE = YES;
				CLANG_WARN_UNGUARDED_AVAILABILITY = YES_AGGRESSIVE;
				CLANG_WARN_UNREACHABLE_CODE = YES;
				CLANG_WARN__DUPLICATE_METHOD_MATCH = YES;
				COPY_PHASE_STRIP = NO;
				DEBUG_INFORMATION_FORMAT = dwarf;
				ENABLE_STRICT_OBJC_MSGSEND = YES;
				ENABLE_TESTABILITY = YES;
				ENABLE_USER_SCRIPT_SANDBOXING = YES;
				GCC_C_LANGUAGE_STANDARD = gnu17;
				GCC_DYNAMIC_NO_PIC = NO;
				GCC_NO_COMMON_BLOCKS = YES;
				GCC_OPTIMIZATION_LEVEL = 0;
				GCC_PREPROCESSOR_DEFINITIONS = (
					"DEBUG=1",
					"$(inherited)",
				);
				GCC_WARN_64_TO_32_BIT_CONVERSION = YES;
				GCC_WARN_ABOUT_RETURN_TYPE = YES_ERROR;
				GCC_WARN_UNDECLARED_SELECTOR = YES;
				GCC_WARN_UNINITIALIZED_AUTOS = YES_AGGRESSIVE;
				GCC_WARN_UNUSED_FUNCTION = YES;
				GCC_WARN_UNUSED_VARIABLE = YES;
				IPHONEOS_DEPLOYMENT_TARGET = 17.0;
				LOCALIZATION_PREFERS_STRING_CATALOGS = YES;
				MTL_ENABLE_DEBUG_INFO = INCLUDE_SOURCE;
				MTL_FAST_MATH = YES;
				ONLY_ACTIVE_ARCH = YES;
				SDKROOT = iphoneos;
				SWIFT_ACTIVE_COMPILATION_CONDITIONS = "DEBUG $(inherited)";
				SWIFT_OPTIMIZATION_LEVEL = "-Onone";
			};
			name = Debug;
		};
		D17807852B6AB0FB003B84F7 /* Release */ = {
			isa = XCBuildConfiguration;
			buildSettings = {
				ALWAYS_SEARCH_USER_PATHS = NO;
				ASSETCATALOG_COMPILER_GENERATE_SWIFT_ASSET_SYMBOL_EXTENSIONS = YES;
				CLANG_ANALYZER_NONNULL = YES;
				CLANG_ANALYZER_NUMBER_OBJECT_CONVERSION = YES_AGGRESSIVE;
				CLANG_CXX_LANGUAGE_STANDARD = "gnu++20";
				CLANG_ENABLE_MODULES = YES;
				CLANG_ENABLE_OBJC_ARC = YES;
				CLANG_ENABLE_OBJC_WEAK = YES;
				CLANG_WARN_BLOCK_CAPTURE_AUTORELEASING = YES;
				CLANG_WARN_BOOL_CONVERSION = YES;
				CLANG_WARN_COMMA = YES;
				CLANG_WARN_CONSTANT_CONVERSION = YES;
				CLANG_WARN_DEPRECATED_OBJC_IMPLEMENTATIONS = YES;
				CLANG_WARN_DIRECT_OBJC_ISA_USAGE = YES_ERROR;
				CLANG_WARN_DOCUMENTATION_COMMENTS = YES;
				CLANG_WARN_EMPTY_BODY = YES;
				CLANG_WARN_ENUM_CONVERSION = YES;
				CLANG_WARN_INFINITE_RECURSION = YES;
				CLANG_WARN_INT_CONVERSION = YES;
				CLANG_WARN_NON_LITERAL_NULL_CONVERSION = YES;
				CLANG_WARN_OBJC_IMPLICIT_RETAIN_SELF = YES;
				CLANG_WARN_OBJC_LITERAL_CONVERSION = YES;
				CLANG_WARN_OBJC_ROOT_CLASS = YES_ERROR;
				CLANG_WARN_QUOTED_INCLUDE_IN_FRAMEWORK_HEADER = YES;
				CLANG_WARN_RANGE_LOOP_ANALYSIS = YES;
				CLANG_WARN_STRICT_PROTOTYPES = YES;
				CLANG_WARN_SUSPICIOUS_MOVE = YES;
				CLANG_WARN_UNGUARDED_AVAILABILITY = YES_AGGRESSIVE;
				CLANG_WARN_UNREACHABLE_CODE = YES;
				CLANG_WARN__DUPLICATE_METHOD_MATCH = YES;
				COPY_PHASE_STRIP = NO;
				DEBUG_INFORMATION_FORMAT = "dwarf-with-dsym";
				ENABLE_NS_ASSERTIONS = NO;
				ENABLE_STRICT_OBJC_MSGSEND = YES;
				ENABLE_USER_SCRIPT_SANDBOXING = YES;
				GCC_C_LANGUAGE_STANDARD = gnu17;
				GCC_NO_COMMON_BLOCKS = YES;
				GCC_WARN_64_TO_32_BIT_CONVERSION = YES;
				GCC_WARN_ABOUT_RETURN_TYPE = YES_ERROR;
				GCC_WARN_UNDECLARED_SELECTOR = YES;
				GCC_WARN_UNINITIALIZED_AUTOS = YES_AGGRESSIVE;
				GCC_WARN_UNUSED_FUNCTION = YES;
				GCC_WARN_UNUSED_VARIABLE = YES;
				IPHONEOS_DEPLOYMENT_TARGET = 17.0;
				LOCALIZATION_PREFERS_STRING_CATALOGS = YES;
				MTL_ENABLE_DEBUG_INFO = NO;
				MTL_FAST_MATH = YES;
				SDKROOT = iphoneos;
				SWIFT_COMPILATION_MODE = wholemodule;
				VALIDATE_PRODUCT = YES;
			};
			name = Release;
		};
		D17807872B6AB0FB003B84F7 /* Debug */ = {
			isa = XCBuildConfiguration;
			buildSettings = {
				ASSETCATALOG_COMPILER_APPICON_NAME = AppIcon;
				ASSETCATALOG_COMPILER_GLOBAL_ACCENT_COLOR_NAME = AccentColor;
				CODE_SIGN_STYLE = Automatic;
				CURRENT_PROJECT_VERSION = 1;
				DEVELOPMENT_TEAM = JTJACLKKSJ;
				GENERATE_INFOPLIST_FILE = YES;
				INFOPLIST_FILE = ChoiceOfTwo/Info.plist;
				INFOPLIST_KEY_NSPhotoLibraryUsageDescription = "Please allow access to select photo.";
				INFOPLIST_KEY_UILaunchStoryboardName = LaunchScreen;
				INFOPLIST_KEY_UISupportedInterfaceOrientations = UIInterfaceOrientationPortrait;
				LD_RUNPATH_SEARCH_PATHS = (
					"$(inherited)",
					"@executable_path/Frameworks",
				);
				MARKETING_VERSION = 1.0;
				PRODUCT_BUNDLE_IDENTIFIER = yaroslavSokolov.ChoiceOfTwo;
				PRODUCT_NAME = "$(TARGET_NAME)";
				SUPPORTED_PLATFORMS = "iphoneos iphonesimulator";
				SUPPORTS_MACCATALYST = NO;
				SUPPORTS_MAC_DESIGNED_FOR_IPHONE_IPAD = NO;
				SWIFT_EMIT_LOC_STRINGS = YES;
				SWIFT_VERSION = 5.0;
				TARGETED_DEVICE_FAMILY = 1;
			};
			name = Debug;
		};
		D17807882B6AB0FB003B84F7 /* Release */ = {
			isa = XCBuildConfiguration;
			buildSettings = {
				ASSETCATALOG_COMPILER_APPICON_NAME = AppIcon;
				ASSETCATALOG_COMPILER_GLOBAL_ACCENT_COLOR_NAME = AccentColor;
				CODE_SIGN_STYLE = Automatic;
				CURRENT_PROJECT_VERSION = 1;
				DEVELOPMENT_TEAM = JTJACLKKSJ;
				GENERATE_INFOPLIST_FILE = YES;
				INFOPLIST_FILE = ChoiceOfTwo/Info.plist;
				INFOPLIST_KEY_NSPhotoLibraryUsageDescription = "Please allow access to select photo.";
				INFOPLIST_KEY_UILaunchStoryboardName = LaunchScreen;
				INFOPLIST_KEY_UISupportedInterfaceOrientations = UIInterfaceOrientationPortrait;
				LD_RUNPATH_SEARCH_PATHS = (
					"$(inherited)",
					"@executable_path/Frameworks",
				);
				MARKETING_VERSION = 1.0;
				PRODUCT_BUNDLE_IDENTIFIER = yaroslavSokolov.ChoiceOfTwo;
				PRODUCT_NAME = "$(TARGET_NAME)";
				SUPPORTED_PLATFORMS = "iphoneos iphonesimulator";
				SUPPORTS_MACCATALYST = NO;
				SUPPORTS_MAC_DESIGNED_FOR_IPHONE_IPAD = NO;
				SWIFT_EMIT_LOC_STRINGS = YES;
				SWIFT_VERSION = 5.0;
				TARGETED_DEVICE_FAMILY = 1;
			};
			name = Release;
		};
		D178078A2B6AB0FB003B84F7 /* Debug */ = {
			isa = XCBuildConfiguration;
			buildSettings = {
				ALWAYS_EMBED_SWIFT_STANDARD_LIBRARIES = YES;
				BUNDLE_LOADER = "$(TEST_HOST)";
				CODE_SIGN_STYLE = Automatic;
				CURRENT_PROJECT_VERSION = 1;
				DEVELOPMENT_TEAM = JTJACLKKSJ;
				GENERATE_INFOPLIST_FILE = YES;
				IPHONEOS_DEPLOYMENT_TARGET = 17.0;
				MARKETING_VERSION = 1.0;
				PRODUCT_BUNDLE_IDENTIFIER = yaroslavSokolov.ChoiceOfTwoTests;
				PRODUCT_NAME = "$(TARGET_NAME)";
				SWIFT_EMIT_LOC_STRINGS = NO;
				SWIFT_VERSION = 5.0;
				TARGETED_DEVICE_FAMILY = "1,2";
				TEST_HOST = "$(BUILT_PRODUCTS_DIR)/ChoiceOfTwo.app/$(BUNDLE_EXECUTABLE_FOLDER_PATH)/ChoiceOfTwo";
			};
			name = Debug;
		};
		D178078B2B6AB0FB003B84F7 /* Release */ = {
			isa = XCBuildConfiguration;
			buildSettings = {
				ALWAYS_EMBED_SWIFT_STANDARD_LIBRARIES = YES;
				BUNDLE_LOADER = "$(TEST_HOST)";
				CODE_SIGN_STYLE = Automatic;
				CURRENT_PROJECT_VERSION = 1;
				DEVELOPMENT_TEAM = JTJACLKKSJ;
				GENERATE_INFOPLIST_FILE = YES;
				IPHONEOS_DEPLOYMENT_TARGET = 17.0;
				MARKETING_VERSION = 1.0;
				PRODUCT_BUNDLE_IDENTIFIER = yaroslavSokolov.ChoiceOfTwoTests;
				PRODUCT_NAME = "$(TARGET_NAME)";
				SWIFT_EMIT_LOC_STRINGS = NO;
				SWIFT_VERSION = 5.0;
				TARGETED_DEVICE_FAMILY = "1,2";
				TEST_HOST = "$(BUILT_PRODUCTS_DIR)/ChoiceOfTwo.app/$(BUNDLE_EXECUTABLE_FOLDER_PATH)/ChoiceOfTwo";
			};
			name = Release;
		};
		D178078D2B6AB0FB003B84F7 /* Debug */ = {
			isa = XCBuildConfiguration;
			buildSettings = {
				ALWAYS_EMBED_SWIFT_STANDARD_LIBRARIES = YES;
				CODE_SIGN_STYLE = Automatic;
				CURRENT_PROJECT_VERSION = 1;
				DEVELOPMENT_TEAM = JTJACLKKSJ;
				GENERATE_INFOPLIST_FILE = YES;
				MARKETING_VERSION = 1.0;
				PRODUCT_BUNDLE_IDENTIFIER = yaroslavSokolov.ChoiceOfTwoUITests;
				PRODUCT_NAME = "$(TARGET_NAME)";
				SWIFT_EMIT_LOC_STRINGS = NO;
				SWIFT_VERSION = 5.0;
				TARGETED_DEVICE_FAMILY = "1,2";
				TEST_TARGET_NAME = ChoiceOfTwo;
			};
			name = Debug;
		};
		D178078E2B6AB0FB003B84F7 /* Release */ = {
			isa = XCBuildConfiguration;
			buildSettings = {
				ALWAYS_EMBED_SWIFT_STANDARD_LIBRARIES = YES;
				CODE_SIGN_STYLE = Automatic;
				CURRENT_PROJECT_VERSION = 1;
				DEVELOPMENT_TEAM = JTJACLKKSJ;
				GENERATE_INFOPLIST_FILE = YES;
				MARKETING_VERSION = 1.0;
				PRODUCT_BUNDLE_IDENTIFIER = yaroslavSokolov.ChoiceOfTwoUITests;
				PRODUCT_NAME = "$(TARGET_NAME)";
				SWIFT_EMIT_LOC_STRINGS = NO;
				SWIFT_VERSION = 5.0;
				TARGETED_DEVICE_FAMILY = "1,2";
				TEST_TARGET_NAME = ChoiceOfTwo;
			};
			name = Release;
		};
/* End XCBuildConfiguration section */

/* Begin XCConfigurationList section */
		D17807572B6AB0FA003B84F7 /* Build configuration list for PBXProject "ChoiceOfTwo" */ = {
			isa = XCConfigurationList;
			buildConfigurations = (
				D17807842B6AB0FB003B84F7 /* Debug */,
				D17807852B6AB0FB003B84F7 /* Release */,
			);
			defaultConfigurationIsVisible = 0;
			defaultConfigurationName = Release;
		};
		D17807862B6AB0FB003B84F7 /* Build configuration list for PBXNativeTarget "ChoiceOfTwo" */ = {
			isa = XCConfigurationList;
			buildConfigurations = (
				D17807872B6AB0FB003B84F7 /* Debug */,
				D17807882B6AB0FB003B84F7 /* Release */,
			);
			defaultConfigurationIsVisible = 0;
			defaultConfigurationName = Release;
		};
		D17807892B6AB0FB003B84F7 /* Build configuration list for PBXNativeTarget "ChoiceOfTwoTests" */ = {
			isa = XCConfigurationList;
			buildConfigurations = (
				D178078A2B6AB0FB003B84F7 /* Debug */,
				D178078B2B6AB0FB003B84F7 /* Release */,
			);
			defaultConfigurationIsVisible = 0;
			defaultConfigurationName = Release;
		};
		D178078C2B6AB0FB003B84F7 /* Build configuration list for PBXNativeTarget "ChoiceOfTwoUITests" */ = {
			isa = XCConfigurationList;
			buildConfigurations = (
				D178078D2B6AB0FB003B84F7 /* Debug */,
				D178078E2B6AB0FB003B84F7 /* Release */,
			);
			defaultConfigurationIsVisible = 0;
			defaultConfigurationName = Release;
		};
/* End XCConfigurationList section */

/* Begin XCRemoteSwiftPackageReference section */
		D19D6F2F2B8BBA1800E2B907 /* XCRemoteSwiftPackageReference "TOCropViewController" */ = {
			isa = XCRemoteSwiftPackageReference;
			repositoryURL = "https://github.com/TimOliver/TOCropViewController.git";
			requirement = {
				kind = upToNextMajorVersion;
				minimumVersion = 2.6.1;
			};
		};
		D1D753C42B73F0A700ADF274 /* XCRemoteSwiftPackageReference "firebase-ios-sdk" */ = {
			isa = XCRemoteSwiftPackageReference;
			repositoryURL = "https://github.com/firebase/firebase-ios-sdk.git";
			requirement = {
				kind = upToNextMajorVersion;
				minimumVersion = 10.21.0;
			};
		};
		D1D753DB2B7662D500ADF274 /* XCRemoteSwiftPackageReference "GoogleSignIn-iOS" */ = {
			isa = XCRemoteSwiftPackageReference;
			repositoryURL = "https://github.com/google/GoogleSignIn-iOS";
			requirement = {
				kind = upToNextMajorVersion;
				minimumVersion = 7.0.0;
			};
		};
/* End XCRemoteSwiftPackageReference section */

/* Begin XCSwiftPackageProductDependency section */
		D19D6F302B8BBA1800E2B907 /* CropViewController */ = {
			isa = XCSwiftPackageProductDependency;
			package = D19D6F2F2B8BBA1800E2B907 /* XCRemoteSwiftPackageReference "TOCropViewController" */;
			productName = CropViewController;
		};
		D19D6F322B8BBA1800E2B907 /* TOCropViewController */ = {
			isa = XCSwiftPackageProductDependency;
			package = D19D6F2F2B8BBA1800E2B907 /* XCRemoteSwiftPackageReference "TOCropViewController" */;
			productName = TOCropViewController;
		};
		D1D753C52B73F0A700ADF274 /* FirebaseAuth */ = {
			isa = XCSwiftPackageProductDependency;
			package = D1D753C42B73F0A700ADF274 /* XCRemoteSwiftPackageReference "firebase-ios-sdk" */;
			productName = FirebaseAuth;
		};
		D1D753C72B73F0A700ADF274 /* FirebaseDatabase */ = {
			isa = XCSwiftPackageProductDependency;
			package = D1D753C42B73F0A700ADF274 /* XCRemoteSwiftPackageReference "firebase-ios-sdk" */;
			productName = FirebaseDatabase;
		};
		D1D753C92B73F0A700ADF274 /* FirebaseFirestore */ = {
			isa = XCSwiftPackageProductDependency;
			package = D1D753C42B73F0A700ADF274 /* XCRemoteSwiftPackageReference "firebase-ios-sdk" */;
			productName = FirebaseFirestore;
		};
		D1D753DC2B7662D500ADF274 /* GoogleSignIn */ = {
			isa = XCSwiftPackageProductDependency;
			package = D1D753DB2B7662D500ADF274 /* XCRemoteSwiftPackageReference "GoogleSignIn-iOS" */;
			productName = GoogleSignIn;
		};
		D1D753DE2B7662D500ADF274 /* GoogleSignInSwift */ = {
			isa = XCSwiftPackageProductDependency;
			package = D1D753DB2B7662D500ADF274 /* XCRemoteSwiftPackageReference "GoogleSignIn-iOS" */;
			productName = GoogleSignInSwift;
		};
/* End XCSwiftPackageProductDependency section */
	};
	rootObject = D17807542B6AB0FA003B84F7 /* Project object */;
}
